// !$*UTF8*$!
{
	archiveVersion = 1;
	classes = {
	};
	objectVersion = 56;
	objects = {

/* Begin PBXBuildFile section */
		02BF82B08A9C4246B3BD0A51 /* DashaChakraWheelView.swift in Sources */ = {isa = PBXBuildFile; fileRef = F7A9038673F14F90BAEDC170 /* DashaChakraWheelView.swift */; };
		3ABC5323337547CD8ACB46F0 /* DashaImpactView.swift in Sources */ = {isa = PBXBuildFile; fileRef = 39808353AF2C460DBA69DC37 /* DashaImpactView.swift */; };
		3D01F7E42C0A000000000001 /* AstronovaAppApp.swift in Sources */ = {isa = PBXBuildFile; fileRef = 3D01F7E32C0A000000000001 /* AstronovaAppApp.swift */; };
		3D01F7E62C0A000000000001 /* RootView.swift in Sources */ = {isa = PBXBuildFile; fileRef = 3D01F7E52C0A000000000001 /* RootView.swift */; };
		3D01F7E82C0A000000000001 /* Assets.xcassets in Resources */ = {isa = PBXBuildFile; fileRef = 3D01F7E72C0A000000000001 /* Assets.xcassets */; };
		3D01F7EB2C0A000000000001 /* Preview Assets.xcassets in Resources */ = {isa = PBXBuildFile; fileRef = 3D01F7EA2C0A000000000001 /* Preview Assets.xcassets */; };
		3D01F7F52C0A000000000001 /* AstronovaAppTests.swift in Sources */ = {isa = PBXBuildFile; fileRef = 3D01F7F42C0A000000000001 /* AstronovaAppTests.swift */; };
		3D01F7FF2C0A000000000001 /* AstronovaAppUITests.swift in Sources */ = {isa = PBXBuildFile; fileRef = 3D01F7FE2C0A000000000001 /* AstronovaAppUITests.swift */; };
		3D01F8012C0A000000000001 /* AstronovaAppUITestsLaunchTests.swift in Sources */ = {isa = PBXBuildFile; fileRef = 3D01F8002C0A000000000001 /* AstronovaAppUITestsLaunchTests.swift */; };
		3D01F80E2C0A000000000002 /* AuthState.swift in Sources */ = {isa = PBXBuildFile; fileRef = 3D01F80D2C0A000000000002 /* AuthState.swift */; };
		3D01F80F2C0A000000000003 /* UserProfile.swift in Sources */ = {isa = PBXBuildFile; fileRef = 3D01F80C2C0A000000000003 /* UserProfile.swift */; };
		3D01F8112C0A000000000005 /* LoadingView.swift in Sources */ = {isa = PBXBuildFile; fileRef = 3D01F80A2C0A000000000005 /* LoadingView.swift */; };
		3D01F8122C0A000000000006 /* NetworkClient.swift in Sources */ = {isa = PBXBuildFile; fileRef = 3D01F8092C0A000000000006 /* NetworkClient.swift */; };
		3D01F8132C0A000000000007 /* APIServices.swift in Sources */ = {isa = PBXBuildFile; fileRef = 3D01F8082C0A000000000007 /* APIServices.swift */; };
		3D01F8142C0A000000000008 /* APIModels.swift in Sources */ = {isa = PBXBuildFile; fileRef = 3D01F8072C0A000000000008 /* APIModels.swift */; };
		4B9BCF87E80C41FF9DFA04FF /* DashaModels.swift in Sources */ = {isa = PBXBuildFile; fileRef = CDFF139DD6F247BDBF102B37 /* DashaModels.swift */; };
		5A811C062DF79DA000BD6D7F /* MapKitLocationService.swift in Sources */ = {isa = PBXBuildFile; fileRef = 5A811C042DF79DA000BD6D7F /* MapKitLocationService.swift */; };
		5A811C092DF79DA000BD6D7F /* MapKitAutocompleteView.swift in Sources */ = {isa = PBXBuildFile; fileRef = 5A811C022DF79DA000BD6D7F /* MapKitAutocompleteView.swift */; };
		65A997B5F7E04025AA6D5AAA /* EnhancedTimeTravelView.swift in Sources */ = {isa = PBXBuildFile; fileRef = DA064C6DD11D46FF955A7FAA /* EnhancedTimeTravelView.swift */; };
		975D40439C2F2C5BDEA2AAC9 /* TempleModels.swift in Sources */ = {isa = PBXBuildFile; fileRef = EE1949EBB93135391AC11D9D /* TempleModels.swift */; };
		AA0002000000000000000001 /* AppConfig.swift in Sources */ = {isa = PBXBuildFile; fileRef = AA0001000000000000000001 /* AppConfig.swift */; };
		AA0002000000000000000002 /* RemoteConfigService.swift in Sources */ = {isa = PBXBuildFile; fileRef = AA0001000000000000000002 /* RemoteConfigService.swift */; };
		AA0002000000000000000003 /* AnalyticsService.swift in Sources */ = {isa = PBXBuildFile; fileRef = AA0001000000000000000003 /* AnalyticsService.swift */; };
		AA0002000000000000000004 /* BirthTimePicker.swift in Sources */ = {isa = PBXBuildFile; fileRef = AA0001000000000000000004 /* BirthTimePicker.swift */; };
		AA0002000000000000000006 /* HomeView.swift in Sources */ = {isa = PBXBuildFile; fileRef = AA0001000000000000000006 /* HomeView.swift */; };
		AA0002000000000000000007 /* PaywallView.swift in Sources */ = {isa = PBXBuildFile; fileRef = AA0001000000000000000007 /* PaywallView.swift */; };
		AA0002000000000000000008 /* remote_config.json in Resources */ = {isa = PBXBuildFile; fileRef = AA0001000000000000000008 /* remote_config.json */; };
		AA0002000000000000000009 /* HomeGuidanceService.swift in Sources */ = {isa = PBXBuildFile; fileRef = AA0001000000000000000009 /* HomeGuidanceService.swift */; };
		AA000200000000000000000A /* HomeViewModel.swift in Sources */ = {isa = PBXBuildFile; fileRef = AA000100000000000000000A /* HomeViewModel.swift */; };
		AA000200000000000000000B /* NotificationService.swift in Sources */ = {isa = PBXBuildFile; fileRef = AA000100000000000000000B /* NotificationService.swift */; };
		AA000200000000000000000C /* ShareImageService.swift in Sources */ = {isa = PBXBuildFile; fileRef = AA000100000000000000000C /* ShareImageService.swift */; };
		AA000200000000000000000D /* Zodiac.swift in Sources */ = {isa = PBXBuildFile; fileRef = AA000100000000000000000D /* Zodiac.swift */; };
		AA000200000000000000000F /* StoreKitManager.swift in Sources */ = {isa = PBXBuildFile; fileRef = AA000100000000000000000F /* StoreKitManager.swift */; };
		AA0002000000000000000011 /* BasicStoreManager.swift in Sources */ = {isa = PBXBuildFile; fileRef = AA0001000000000000000011 /* BasicStoreManager.swift */; };
		AA0002000000000000000012 /* ShopCatalog.swift in Sources */ = {isa = PBXBuildFile; fileRef = AA0001000000000000000012 /* ShopCatalog.swift */; };
		AA0002000000000000000013 /* CosmicDesignTokens.swift in Sources */ = {isa = PBXBuildFile; fileRef = AA0001000000000000000013 /* CosmicDesignTokens.swift */; };
		AA0002000000000000000014 /* CosmicColors.swift in Sources */ = {isa = PBXBuildFile; fileRef = AA0001000000000000000014 /* CosmicColors.swift */; };
		'CMP001000000000000000001' = {isa = PBXBuildFile; fileRef = CMP000000000000000000001; };
		'CMP001000000000000000002' = {isa = PBXBuildFile; fileRef = CMP000000000000000000002; };
		'CMP001000000000000000003' = {isa = PBXBuildFile; fileRef = CMP000000000000000000003; };
		'CMP001000000000000000004' = {isa = PBXBuildFile; fileRef = CMP000000000000000000004; };
		'CMP001000000000000000005' = {isa = PBXBuildFile; fileRef = CMP000000000000000000005; };
		'CMP001000000000000000006' = {isa = PBXBuildFile; fileRef = CMP000000000000000000006; };
		'CMP001000000000000000007' = {isa = PBXBuildFile; fileRef = CMP000000000000000000007; };
		'CMP001000000000000000008' = {isa = PBXBuildFile; fileRef = CMP000000000000000000008; };
		'CMP001000000000000000009' = {isa = PBXBuildFile; fileRef = CMP000000000000000000009; };
		D71E47F8936E2830D8E3DFB2 /* TempleView.swift in Sources */ = {isa = PBXBuildFile; fileRef = 4E3043F1B1EB12D1759F3C0C /* TempleView.swift */; };
		'DIS001000000000000000001' = {isa = PBXBuildFile; fileRef = DIS000000000000000000001; };
		'DIS001000000000000000002' = {isa = PBXBuildFile; fileRef = DIS000000000000000000002; };
		'DIS001000000000000000003' = {isa = PBXBuildFile; fileRef = DIS000000000000000000003; };
		'DIS001000000000000000004' = {isa = PBXBuildFile; fileRef = DIS000000000000000000004; };
		'DIS001000000000000000005' = {isa = PBXBuildFile; fileRef = DIS000000000000000000005; };
		'DIS001000000000000000006' = {isa = PBXBuildFile; fileRef = DIS000000000000000000006; };
		'DIS001000000000000000007' = {isa = PBXBuildFile; fileRef = DIS000000000000000000007; };
		'DIS001000000000000000008' = {isa = PBXBuildFile; fileRef = DIS000000000000000000008; };
		'DIS001000000000000000009' = {isa = PBXBuildFile; fileRef = DIS000000000000000000009; };
		'DIS001000000000000000010' = {isa = PBXBuildFile; fileRef = DIS000000000000000000010; };
		'DIS001000000000000000011' = {isa = PBXBuildFile; fileRef = DIS000000000000000000011; };
		'DIS001000000000000000012' = {isa = PBXBuildFile; fileRef = DIS000000000000000000012; };
		E2E001000000000000000001 /* TestEnvironment.swift in Sources */ = {isa = PBXBuildFile; fileRef = E2E000000000000000000001 /* TestEnvironment.swift */; };
		E2E001000000000000000002 /* MonetizationJourneyTests.swift in Sources */ = {isa = PBXBuildFile; fileRef = E2E000000000000000000002 /* MonetizationJourneyTests.swift */; };
		E2E001000000000000000003 /* HapticFeedbackService.swift in Sources */ = {isa = PBXBuildFile; fileRef = E2E000000000000000000003 /* HapticFeedbackService.swift */; };
		E2E001000000000000000004 /* CosmicDesignSystem.swift in Sources */ = {isa = PBXBuildFile; fileRef = E2E000000000000000000004 /* CosmicDesignSystem.swift */; };
		E2E001000000000000000005 /* CosmicTypography.swift in Sources */ = {isa = PBXBuildFile; fileRef = E2E000000000000000000005 /* CosmicTypography.swift */; };
		E2E001000000000000000006 /* CosmicMotion.swift in Sources */ = {isa = PBXBuildFile; fileRef = E2E000000000000000000006 /* CosmicMotion.swift */; };
		E2E001000000000000000007 /* ChatPackagesSheet.swift in Sources */ = {isa = PBXBuildFile; fileRef = E2E000000000000000000007 /* ChatPackagesSheet.swift */; };
		'ORACLE01000000000001' = {isa = PBXBuildFile; fileRef = ORACLE02000000000001; };
		'ORACLE01000000000002' = {isa = PBXBuildFile; fileRef = ORACLE02000000000002; };
		'ORACLE01000000000003' = {isa = PBXBuildFile; fileRef = ORACLE02000000000003; };
		'SELFNEW01000000000001' = {isa = PBXBuildFile; fileRef = SELFNEW02000000000001; };
		'SELFNEW01000000000002' = {isa = PBXBuildFile; fileRef = SELFNEW02000000000002; };
		'SELFNEW01000000000003' = {isa = PBXBuildFile; fileRef = SELFNEW02000000000003; };
		'SELFNEW01000000000004' = {isa = PBXBuildFile; fileRef = SELFNEW02000000000004; };
		'SELFNEW01000000000005' = {isa = PBXBuildFile; fileRef = SELFNEW02000000000005; };
		'SELFNEW01000000000006' = {isa = PBXBuildFile; fileRef = SELFNEW02000000000006; };
		'SELFNEW01000000000007' = {isa = PBXBuildFile; fileRef = SELFNEW02000000000007; };
		'SELFNEW01000000000008' = {isa = PBXBuildFile; fileRef = SELFNEW02000000000008; };
		'SELFNEW01000000000009' = {isa = PBXBuildFile; fileRef = SELFNEW02000000000009; };
		'SELFNEW0100000000000A' = {isa = PBXBuildFile; fileRef = SELFNEW0200000000000A; };
		'SELFNEW0100000000000B' = {isa = PBXBuildFile; fileRef = SELFNEW0200000000000B; };
		'TT001000000000000000001' = {isa = PBXBuildFile; fileRef = TT000000000000000000001; };
		'TT001000000000000000002' = {isa = PBXBuildFile; fileRef = TT000000000000000000002; };
		'TT001000000000000000003' = {isa = PBXBuildFile; fileRef = TT000000000000000000003; };
		'TT001000000000000000004' = {isa = PBXBuildFile; fileRef = TT000000000000000000004; };
		'TT001000000000000000005' = {isa = PBXBuildFile; fileRef = TT000000000000000000005; };
/* End PBXBuildFile section */

/* Begin PBXContainerItemProxy section */
		3D01F7F12C0A000000000001 /* PBXContainerItemProxy */ = {
			isa = PBXContainerItemProxy;
			containerPortal = 3D01F7D82C0A000000000001 /* Project object */;
			proxyType = 1;
			remoteGlobalIDString = 3D01F7DF2C0A000000000001;
			remoteInfo = AstronovaApp;
		};
		3D01F7FB2C0A000000000001 /* PBXContainerItemProxy */ = {
			isa = PBXContainerItemProxy;
			containerPortal = 3D01F7D82C0A000000000001 /* Project object */;
			proxyType = 1;
			remoteGlobalIDString = 3D01F7DF2C0A000000000001;
			remoteInfo = AstronovaApp;
		};
/* End PBXContainerItemProxy section */

/* Begin PBXFileReference section */
		39808353AF2C460DBA69DC37 /* DashaImpactView.swift */ = {isa = PBXFileReference; lastKnownFileType = sourcecode.swift; path = DashaImpactView.swift; sourceTree = "<group>"; };
		3D01F7E32C0A000000000001 /* AstronovaAppApp.swift */ = {isa = PBXFileReference; lastKnownFileType = sourcecode.swift; path = AstronovaAppApp.swift; sourceTree = "<group>"; };
		3D01F7E52C0A000000000001 /* RootView.swift */ = {isa = PBXFileReference; lastKnownFileType = sourcecode.swift; path = RootView.swift; sourceTree = "<group>"; };
		3D01F7E72C0A000000000001 /* Assets.xcassets */ = {isa = PBXFileReference; lastKnownFileType = folder.assetcatalog; path = Assets.xcassets; sourceTree = "<group>"; };
		3D01F7EA2C0A000000000001 /* Preview Assets.xcassets */ = {isa = PBXFileReference; lastKnownFileType = folder.assetcatalog; path = "Preview Assets.xcassets"; sourceTree = "<group>"; };
		3D01F7F42C0A000000000001 /* AstronovaAppTests.swift */ = {isa = PBXFileReference; lastKnownFileType = sourcecode.swift; path = AstronovaAppTests.swift; sourceTree = "<group>"; };
		3D01F7FE2C0A000000000001 /* AstronovaAppUITests.swift */ = {isa = PBXFileReference; lastKnownFileType = sourcecode.swift; path = AstronovaAppUITests.swift; sourceTree = "<group>"; };
		3D01F8002C0A000000000001 /* AstronovaAppUITestsLaunchTests.swift */ = {isa = PBXFileReference; lastKnownFileType = sourcecode.swift; path = AstronovaAppUITestsLaunchTests.swift; sourceTree = "<group>"; };
		3D01F8072C0A000000000008 /* APIModels.swift */ = {isa = PBXFileReference; lastKnownFileType = sourcecode.swift; path = APIModels.swift; sourceTree = "<group>"; };
		3D01F8082C0A000000000007 /* APIServices.swift */ = {isa = PBXFileReference; lastKnownFileType = sourcecode.swift; path = APIServices.swift; sourceTree = "<group>"; };
		3D01F8092C0A000000000006 /* NetworkClient.swift */ = {isa = PBXFileReference; lastKnownFileType = sourcecode.swift; path = NetworkClient.swift; sourceTree = "<group>"; };
		3D01F80A2C0A000000000005 /* LoadingView.swift */ = {isa = PBXFileReference; lastKnownFileType = sourcecode.swift; path = LoadingView.swift; sourceTree = "<group>"; };
		3D01F80C2C0A000000000003 /* UserProfile.swift */ = {isa = PBXFileReference; lastKnownFileType = sourcecode.swift; path = UserProfile.swift; sourceTree = "<group>"; };
		3D01F80D2C0A000000000002 /* AuthState.swift */ = {isa = PBXFileReference; lastKnownFileType = sourcecode.swift; path = AuthState.swift; sourceTree = "<group>"; };
		3D01F8152C0A000000000009 /* Info.plist */ = {isa = PBXFileReference; fileEncoding = 4; lastKnownFileType = text.plist.xml; path = Info.plist; sourceTree = "<group>"; };
		3D01F8162C0A00000000000A /* AstronovaApp.entitlements */ = {isa = PBXFileReference; fileEncoding = 4; lastKnownFileType = text.plist.entitlements; path = AstronovaApp.entitlements; sourceTree = "<group>"; };
		3D01F8172C0A00000000000B /* AstronovaAppDebug.entitlements */ = {isa = PBXFileReference; fileEncoding = 4; lastKnownFileType = text.plist.entitlements; path = AstronovaAppDebug.entitlements; sourceTree = "<group>"; };
		4E3043F1B1EB12D1759F3C0C /* TempleView.swift */ = {isa = PBXFileReference; lastKnownFileType = sourcecode.swift; name = TempleView.swift; path = AstronovaApp/Features/Temple/TempleView.swift; sourceTree = SOURCE_ROOT; };
		5A811C022DF79DA000BD6D7F /* MapKitAutocompleteView.swift */ = {isa = PBXFileReference; lastKnownFileType = sourcecode.swift; path = MapKitAutocompleteView.swift; sourceTree = "<group>"; };
		5A811C042DF79DA000BD6D7F /* MapKitLocationService.swift */ = {isa = PBXFileReference; lastKnownFileType = sourcecode.swift; path = MapKitLocationService.swift; sourceTree = "<group>"; };
		5AD3E1402E147FA500333B75 /* AstronovaApp.app */ = {isa = PBXFileReference; explicitFileType = wrapper.application; includeInIndex = 0; path = AstronovaApp.app; sourceTree = BUILT_PRODUCTS_DIR; };
		5AD3E1412E147FA500333B75 /* AstronovaAppTests.xctest */ = {isa = PBXFileReference; explicitFileType = wrapper.cfbundle; includeInIndex = 0; path = AstronovaAppTests.xctest; sourceTree = BUILT_PRODUCTS_DIR; };
		5AD3E1422E147FA500333B75 /* AstronovaAppUITests.xctest */ = {isa = PBXFileReference; explicitFileType = wrapper.cfbundle; includeInIndex = 0; path = AstronovaAppUITests.xctest; sourceTree = BUILT_PRODUCTS_DIR; };
		AA0001000000000000000001 /* AppConfig.swift */ = {isa = PBXFileReference; lastKnownFileType = sourcecode.swift; path = AppConfig.swift; sourceTree = "<group>"; };
		AA0001000000000000000002 /* RemoteConfigService.swift */ = {isa = PBXFileReference; lastKnownFileType = sourcecode.swift; path = RemoteConfigService.swift; sourceTree = "<group>"; };
		AA0001000000000000000003 /* AnalyticsService.swift */ = {isa = PBXFileReference; lastKnownFileType = sourcecode.swift; path = AnalyticsService.swift; sourceTree = "<group>"; };
		AA0001000000000000000004 /* BirthTimePicker.swift */ = {isa = PBXFileReference; lastKnownFileType = sourcecode.swift; path = BirthTimePicker.swift; sourceTree = "<group>"; };
		AA0001000000000000000006 /* HomeView.swift */ = {isa = PBXFileReference; lastKnownFileType = sourcecode.swift; path = HomeView.swift; sourceTree = "<group>"; };
		AA0001000000000000000007 /* PaywallView.swift */ = {isa = PBXFileReference; lastKnownFileType = sourcecode.swift; path = PaywallView.swift; sourceTree = "<group>"; };
		AA0001000000000000000008 /* remote_config.json */ = {isa = PBXFileReference; lastKnownFileType = text.json; path = remote_config.json; sourceTree = "<group>"; };
		AA0001000000000000000009 /* HomeGuidanceService.swift */ = {isa = PBXFileReference; lastKnownFileType = sourcecode.swift; path = HomeGuidanceService.swift; sourceTree = "<group>"; };
		AA000100000000000000000A /* HomeViewModel.swift */ = {isa = PBXFileReference; lastKnownFileType = sourcecode.swift; path = HomeViewModel.swift; sourceTree = "<group>"; };
		AA000100000000000000000B /* NotificationService.swift */ = {isa = PBXFileReference; lastKnownFileType = sourcecode.swift; path = NotificationService.swift; sourceTree = "<group>"; };
		AA000100000000000000000C /* ShareImageService.swift */ = {isa = PBXFileReference; lastKnownFileType = sourcecode.swift; path = ShareImageService.swift; sourceTree = "<group>"; };
		AA000100000000000000000D /* Zodiac.swift */ = {isa = PBXFileReference; lastKnownFileType = sourcecode.swift; path = Zodiac.swift; sourceTree = "<group>"; };
		AA000100000000000000000F /* StoreKitManager.swift */ = {isa = PBXFileReference; lastKnownFileType = sourcecode.swift; path = StoreKitManager.swift; sourceTree = "<group>"; };
		AA0001000000000000000010 /* ServiceProtocols.swift */ = {isa = PBXFileReference; lastKnownFileType = sourcecode.swift; path = ServiceProtocols.swift; sourceTree = "<group>"; };
		AA0001000000000000000011 /* BasicStoreManager.swift */ = {isa = PBXFileReference; lastKnownFileType = sourcecode.swift; path = BasicStoreManager.swift; sourceTree = "<group>"; };
		AA0001000000000000000012 /* ShopCatalog.swift */ = {isa = PBXFileReference; lastKnownFileType = sourcecode.swift; path = ShopCatalog.swift; sourceTree = "<group>"; };
		AA0001000000000000000013 /* CosmicDesignTokens.swift */ = {isa = PBXFileReference; lastKnownFileType = sourcecode.swift; path = CosmicDesignTokens.swift; sourceTree = "<group>"; };
		AA0001000000000000000014 /* CosmicColors.swift */ = {isa = PBXFileReference; lastKnownFileType = sourcecode.swift; path = CosmicColors.swift; sourceTree = "<group>"; };
		CDFF139DD6F247BDBF102B37 /* DashaModels.swift */ = {isa = PBXFileReference; lastKnownFileType = sourcecode.swift; path = DashaModels.swift; sourceTree = "<group>"; };
		'CMP000000000000000000001' = {isa = PBXFileReference; lastKnownFileType = sourcecode.swift; path = CompatibilityModels.swift; sourceTree = "<group>"; };
		'CMP000000000000000000002' = {isa = PBXFileReference; lastKnownFileType = sourcecode.swift; path = SynastryCompassView.swift; sourceTree = "<group>"; };
		'CMP000000000000000000003' = {isa = PBXFileReference; lastKnownFileType = sourcecode.swift; path = RelationshipPulseView.swift; sourceTree = "<group>"; };
		'CMP000000000000000000004' = {isa = PBXFileReference; lastKnownFileType = sourcecode.swift; path = CompatibilityMeaningStack.swift; sourceTree = "<group>"; };
		'CMP000000000000000000005' = {isa = PBXFileReference; lastKnownFileType = sourcecode.swift; path = CompatibilityJourneyView.swift; sourceTree = "<group>"; };
		'CMP000000000000000000006' = {isa = PBXFileReference; lastKnownFileType = sourcecode.swift; path = ConnectView.swift; sourceTree = "<group>"; };
		'CMP000000000000000000007' = {isa = PBXFileReference; lastKnownFileType = sourcecode.swift; path = RelationshipDetailView.swift; sourceTree = "<group>"; };
		'CMP000000000000000000008' = {isa = PBXFileReference; lastKnownFileType = sourcecode.swift; path = ContactsService.swift; sourceTree = "<group>"; };
		'CMP000000000000000000009' = {isa = PBXFileReference; lastKnownFileType = sourcecode.swift; path = ContactPickerView.swift; sourceTree = "<group>"; };
		DA064C6DD11D46FF955A7FAA /* EnhancedTimeTravelView.swift */ = {isa = PBXFileReference; lastKnownFileType = sourcecode.swift; path = EnhancedTimeTravelView.swift; sourceTree = "<group>"; };
		'DIS000000000000000000001' = {isa = PBXFileReference; lastKnownFileType = sourcecode.swift; path = CosmicLensView.swift; sourceTree = "<group>"; };
		'DIS000000000000000000002' = {isa = PBXFileReference; lastKnownFileType = sourcecode.swift; path = NowNextActBar.swift; sourceTree = "<group>"; };
		'DIS000000000000000000003' = {isa = PBXFileReference; lastKnownFileType = sourcecode.swift; path = NarrativeTilesView.swift; sourceTree = "<group>"; };
		'DIS000000000000000000004' = {isa = PBXFileReference; lastKnownFileType = sourcecode.swift; path = ConnectionsStrip.swift; sourceTree = "<group>"; };
		'DIS000000000000000000005' = {isa = PBXFileReference; lastKnownFileType = sourcecode.swift; path = NextUpTimeline.swift; sourceTree = "<group>"; };
		'DIS000000000000000000006' = {isa = PBXFileReference; lastKnownFileType = sourcecode.swift; path = ContextAwareReportCTAs.swift; sourceTree = "<group>"; };
		'DIS000000000000000000007' = {isa = PBXFileReference; lastKnownFileType = sourcecode.swift; path = YourReportsSection.swift; sourceTree = "<group>"; };
		'DIS000000000000000000008' = {isa = PBXFileReference; lastKnownFileType = sourcecode.swift; path = DiscoverView.swift; sourceTree = "<group>"; };
		'DIS000000000000000000009' = {isa = PBXFileReference; lastKnownFileType = sourcecode.swift; path = DiscoverShimmerView.swift; sourceTree = "<group>"; };
		'DIS000000000000000000010' = {isa = PBXFileReference; lastKnownFileType = sourcecode.swift; path = DomainCardView.swift; sourceTree = "<group>"; };
		'DIS000000000000000000011' = {isa = PBXFileReference; lastKnownFileType = sourcecode.swift; path = DomainGridView.swift; sourceTree = "<group>"; };
		'DIS000000000000000000012' = {isa = PBXFileReference; lastKnownFileType = sourcecode.swift; path = DomainDetailView.swift; sourceTree = "<group>"; };
		E2E000000000000000000001 /* TestEnvironment.swift */ = {isa = PBXFileReference; lastKnownFileType = sourcecode.swift; path = TestEnvironment.swift; sourceTree = "<group>"; };
		E2E000000000000000000002 /* MonetizationJourneyTests.swift */ = {isa = PBXFileReference; lastKnownFileType = sourcecode.swift; path = MonetizationJourneyTests.swift; sourceTree = "<group>"; };
		E2E000000000000000000003 /* HapticFeedbackService.swift */ = {isa = PBXFileReference; lastKnownFileType = sourcecode.swift; path = HapticFeedbackService.swift; sourceTree = "<group>"; };
		E2E000000000000000000004 /* CosmicDesignSystem.swift */ = {isa = PBXFileReference; lastKnownFileType = sourcecode.swift; path = CosmicDesignSystem.swift; sourceTree = "<group>"; };
		E2E000000000000000000005 /* CosmicTypography.swift */ = {isa = PBXFileReference; lastKnownFileType = sourcecode.swift; path = CosmicTypography.swift; sourceTree = "<group>"; };
		E2E000000000000000000006 /* CosmicMotion.swift */ = {isa = PBXFileReference; lastKnownFileType = sourcecode.swift; path = CosmicMotion.swift; sourceTree = "<group>"; };
		E2E000000000000000000007 /* ChatPackagesSheet.swift */ = {isa = PBXFileReference; lastKnownFileType = sourcecode.swift; path = ChatPackagesSheet.swift; sourceTree = "<group>"; };
		EE1949EBB93135391AC11D9D /* TempleModels.swift */ = {isa = PBXFileReference; lastKnownFileType = sourcecode.swift; name = TempleModels.swift; path = AstronovaApp/Features/Temple/TempleModels.swift; sourceTree = SOURCE_ROOT; };
		F63A72C22E86F9E8003419B4 /* Package.swift */ = {isa = PBXFileReference; lastKnownFileType = sourcecode.swift; path = Package.swift; sourceTree = "<group>"; };
		F7A9038673F14F90BAEDC170 /* DashaChakraWheelView.swift */ = {isa = PBXFileReference; lastKnownFileType = sourcecode.swift; path = DashaChakraWheelView.swift; sourceTree = "<group>"; };
		'ORACLE02000000000001' = {isa = PBXFileReference; lastKnownFileType = sourcecode.swift; name = OracleQuotaManager.swift; path = AstronovaApp/Features/Oracle/OracleQuotaManager.swift; sourceTree = "<group>"; };
		'ORACLE02000000000002' = {isa = PBXFileReference; lastKnownFileType = sourcecode.swift; name = OracleViewModel.swift; path = AstronovaApp/Features/Oracle/OracleViewModel.swift; sourceTree = "<group>"; };
		'ORACLE02000000000003' = {isa = PBXFileReference; lastKnownFileType = sourcecode.swift; name = OracleView.swift; path = AstronovaApp/Features/Oracle/OracleView.swift; sourceTree = "<group>"; };
		'SELFNEW02000000000001' = {isa = PBXFileReference; lastKnownFileType = sourcecode.swift; name = SelfTabView.swift; path = AstronovaApp/Features/Self/SelfTabView.swift; sourceTree = "<group>"; };
		'SELFNEW02000000000002' = {isa = PBXFileReference; lastKnownFileType = sourcecode.swift; name = CosmicPulseView.swift; path = AstronovaApp/Features/Self/CosmicPulseView.swift; sourceTree = "<group>"; };
		'SELFNEW02000000000003' = {isa = PBXFileReference; lastKnownFileType = sourcecode.swift; name = EssenceBar.swift; path = AstronovaApp/Features/Self/EssenceBar.swift; sourceTree = "<group>"; };
		'SELFNEW02000000000004' = {isa = PBXFileReference; lastKnownFileType = sourcecode.swift; name = FoundationSection.swift; path = AstronovaApp/Features/Self/FoundationSection.swift; sourceTree = "<group>"; };
		'SELFNEW02000000000005' = {isa = PBXFileReference; lastKnownFileType = sourcecode.swift; name = MiniChartWheelView.swift; path = AstronovaApp/Features/Self/MiniChartWheelView.swift; sourceTree = "<group>"; };
		'SELFNEW02000000000006' = {isa = PBXFileReference; lastKnownFileType = sourcecode.swift; name = MoreOptionsSheet.swift; path = AstronovaApp/Features/Self/MoreOptionsSheet.swift; sourceTree = "<group>"; };
		'SELFNEW02000000000007' = {isa = PBXFileReference; lastKnownFileType = sourcecode.swift; name = SelfDataService.swift; path = AstronovaApp/Features/Self/SelfDataService.swift; sourceTree = "<group>"; };
		'SELFNEW02000000000008' = {isa = PBXFileReference; lastKnownFileType = sourcecode.swift; name = TodaysEnergyView.swift; path = AstronovaApp/Features/Self/TodaysEnergyView.swift; sourceTree = "<group>"; };
		'SELFNEW02000000000009' = {isa = PBXFileReference; lastKnownFileType = sourcecode.swift; name = ProfileCompleteness.swift; path = AstronovaApp/Features/Self/ProfileCompleteness.swift; sourceTree = "<group>"; };
		'SELFNEW0200000000000A' = {isa = PBXFileReference; lastKnownFileType = sourcecode.swift; name = QuickBirthEditSheet.swift; path = AstronovaApp/Features/Self/QuickBirthEditSheet.swift; sourceTree = "<group>"; };
		'SELFNEW0200000000000B' = {isa = PBXFileReference; lastKnownFileType = sourcecode.swift; name = ReportDetailView.swift; path = AstronovaApp/Features/Self/ReportDetailView.swift; sourceTree = "<group>"; };
		'TT000000000000000000001' = {isa = PBXFileReference; lastKnownFileType = sourcecode.swift; path = TimeTravelSnapshot.swift; sourceTree = "<group>"; };
		'TT000000000000000000002' = {isa = PBXFileReference; lastKnownFileType = sourcecode.swift; path = Features/TimeTravel/Views/UnifiedTimeTravelView.swift; sourceTree = "<group>"; };
		'TT000000000000000000003' = {isa = PBXFileReference; lastKnownFileType = sourcecode.swift; path = Features/TimeTravel/Views/CosmicMapView.swift; sourceTree = "<group>"; };
		'TT000000000000000000004' = {isa = PBXFileReference; lastKnownFileType = sourcecode.swift; path = Features/TimeTravel/Views/MeaningStack.swift; sourceTree = "<group>"; };
		'TT000000000000000000005' = {isa = PBXFileReference; lastKnownFileType = sourcecode.swift; path = Features/TimeTravel/Views/TimeSeeker.swift; sourceTree = "<group>"; };
/* End PBXFileReference section */

/* Begin PBXFrameworksBuildPhase section */
		3D01F7DD2C0A000000000001 /* Frameworks */ = {
			isa = PBXFrameworksBuildPhase;
			buildActionMask = 2147483647;
			files = (
			);
			runOnlyForDeploymentPostprocessing = 0;
		};
		3D01F7ED2C0A000000000001 /* Frameworks */ = {
			isa = PBXFrameworksBuildPhase;
			buildActionMask = 2147483647;
			files = (
			);
			runOnlyForDeploymentPostprocessing = 0;
		};
		3D01F7F72C0A000000000001 /* Frameworks */ = {
			isa = PBXFrameworksBuildPhase;
			buildActionMask = 2147483647;
			files = (
			);
			runOnlyForDeploymentPostprocessing = 0;
		};
/* End PBXFrameworksBuildPhase section */

/* Begin PBXGroup section */
		0B7041B39F493411FDF0D4F3 /* Temple */ = {
			isa = PBXGroup;
			children = (
				EE1949EBB93135391AC11D9D /* TempleModels.swift */,
				4E3043F1B1EB12D1759F3C0C /* TempleView.swift */,
			);
			name = Temple;
			path = AstronovaApp/Features/Temple;
			sourceTree = "<group>";
		};
		3D01F7D72C0A000000000001 = {
			isa = PBXGroup;
			children = (
				3D01F7E22C0A000000000001 /* AstronovaApp */,
				3D01F7F32C0A000000000001 /* AstronovaAppTests */,
				3D01F7FD2C0A000000000001 /* AstronovaAppUITests */,
				5AD3E1402E147FA500333B75 /* AstronovaApp.app */,
				5AD3E1412E147FA500333B75 /* AstronovaAppTests.xctest */,
				5AD3E1422E147FA500333B75 /* AstronovaAppUITests.xctest */,
				F63A72C22E86F9E8003419B4 /* Package.swift */,
				0B7041B39F493411FDF0D4F3 /* Temple */,
			);
			sourceTree = "<group>";
		};
		3D01F7E22C0A000000000001 /* AstronovaApp */ = {
			isa = PBXGroup;
			children = (
				AA0003000000000000000001 /* Config */,
				AA0003000000000000000002 /* Analytics */,
				AA0003000000000000000003 /* Components */,
				AA000300000000000000000B /* DesignSystem */,
				AA0003000000000000000004 /* Features */,
				AA0003000000000000000008 /* Services */,
				AA0003000000000000000009 /* Utils */,
				AA000300000000000000000A /* Protocols */,
				AA000100000000000000000F /* StoreKitManager.swift */,
				5A811C022DF79DA000BD6D7F /* MapKitAutocompleteView.swift */,
				5A811C042DF79DA000BD6D7F /* MapKitLocationService.swift */,
				TT000000000000000000001,
				TT000000000000000000002,
				TT000000000000000000003,
				TT000000000000000000004,
				TT000000000000000000005,
				F7A9038673F14F90BAEDC170 /* DashaChakraWheelView.swift */,
				39808353AF2C460DBA69DC37 /* DashaImpactView.swift */,
				DA064C6DD11D46FF955A7FAA /* EnhancedTimeTravelView.swift */,
				CDFF139DD6F247BDBF102B37 /* DashaModels.swift */,
				3D01F8152C0A000000000009 /* Info.plist */,
				3D01F8162C0A00000000000A /* AstronovaApp.entitlements */,
				3D01F8172C0A00000000000B /* AstronovaAppDebug.entitlements */,
				3D01F7E32C0A000000000001 /* AstronovaAppApp.swift */,
				3D01F7E52C0A000000000001 /* RootView.swift */,
				3D01F80D2C0A000000000002 /* AuthState.swift */,
				3D01F80C2C0A000000000003 /* UserProfile.swift */,
				3D01F80A2C0A000000000005 /* LoadingView.swift */,
				3D01F8092C0A000000000006 /* NetworkClient.swift */,
				3D01F8082C0A000000000007 /* APIServices.swift */,
				3D01F8072C0A000000000008 /* APIModels.swift */,
				E2E000000000000000000001 /* TestEnvironment.swift */,
				CMP000000000000000000001,
				CMP000000000000000000002,
				CMP000000000000000000003,
				CMP000000000000000000004,
				CMP000000000000000000005,
				CMP000000000000000000006,
				CMP000000000000000000007,
				CMP000000000000000000009,
				3D01F7E72C0A000000000001 /* Assets.xcassets */,
				3D01F7E92C0A000000000001 /* Preview Content */,
			);
			path = AstronovaApp;
			sourceTree = "<group>";
		};
		3D01F7E92C0A000000000001 /* Preview Content */ = {
			isa = PBXGroup;
			children = (
				3D01F7EA2C0A000000000001 /* Preview Assets.xcassets */,
			);
			path = "Preview Content";
			sourceTree = "<group>";
		};
		3D01F7F32C0A000000000001 /* AstronovaAppTests */ = {
			isa = PBXGroup;
			children = (
				3D01F7F42C0A000000000001 /* AstronovaAppTests.swift */,
			);
			path = AstronovaAppTests;
			sourceTree = "<group>";
		};
		3D01F7FD2C0A000000000001 /* AstronovaAppUITests */ = {
			isa = PBXGroup;
			children = (
				3D01F7FE2C0A000000000001 /* AstronovaAppUITests.swift */,
				3D01F8002C0A000000000001 /* AstronovaAppUITestsLaunchTests.swift */,
				E2E000000000000000000002 /* MonetizationJourneyTests.swift */,
			);
			path = AstronovaAppUITests;
			sourceTree = "<group>";
		};
		AA0003000000000000000001 /* Config */ = {
			isa = PBXGroup;
			children = (
				AA0001000000000000000001 /* AppConfig.swift */,
				AA0001000000000000000002 /* RemoteConfigService.swift */,
				AA0001000000000000000008 /* remote_config.json */,
			);
			path = Config;
			sourceTree = "<group>";
		};
		AA0003000000000000000002 /* Analytics */ = {
			isa = PBXGroup;
			children = (
				AA0001000000000000000003 /* AnalyticsService.swift */,
			);
			path = Analytics;
			sourceTree = "<group>";
		};
		AA0003000000000000000003 /* Components */ = {
			isa = PBXGroup;
			children = (
				AA0001000000000000000004 /* BirthTimePicker.swift */,
			);
			path = Components;
			sourceTree = "<group>";
		};
		AA0003000000000000000004 /* Features */ = {
			isa = PBXGroup;
			children = (
				AA0003000000000000000005 /* Onboarding */,
				AA0003000000000000000006 /* Home */,
				AA0003000000000000000007 /* Paywall */,
				E2E000300000000000000001 /* Chat */,
				DIS003000000000000000001,
			);
			path = Features;
			sourceTree = "<group>";
		};
		AA0003000000000000000005 /* Onboarding */ = {
			isa = PBXGroup;
			children = (
			);
			path = Onboarding;
			sourceTree = "<group>";
		};
		AA0003000000000000000006 /* Home */ = {
			isa = PBXGroup;
			children = (
				AA0001000000000000000006 /* HomeView.swift */,
				AA0001000000000000000009 /* HomeGuidanceService.swift */,
				AA000100000000000000000A /* HomeViewModel.swift */,
			);
			path = Home;
			sourceTree = "<group>";
		};
		AA0003000000000000000007 /* Paywall */ = {
			isa = PBXGroup;
			children = (
				AA0001000000000000000007 /* PaywallView.swift */,
			);
			path = Paywall;
			sourceTree = "<group>";
		};
		AA0003000000000000000008 /* Services */ = {
			isa = PBXGroup;
			children = (
				AA000100000000000000000B /* NotificationService.swift */,
				AA000100000000000000000C /* ShareImageService.swift */,
				AA0001000000000000000011 /* BasicStoreManager.swift */,
				AA0001000000000000000012 /* ShopCatalog.swift */,
				E2E000000000000000000003 /* HapticFeedbackService.swift */,
				CMP000000000000000000008,
			);
			path = Services;
			sourceTree = "<group>";
		};
		AA0003000000000000000009 /* Utils */ = {
			isa = PBXGroup;
			children = (
				AA000100000000000000000D /* Zodiac.swift */,
			);
			path = Utils;
			sourceTree = "<group>";
		};
		AA000300000000000000000A /* Protocols */ = {
			isa = PBXGroup;
			children = (
				AA0001000000000000000010 /* ServiceProtocols.swift */,
			);
			path = Protocols;
			sourceTree = "<group>";
		};
		AA000300000000000000000B /* DesignSystem */ = {
			isa = PBXGroup;
			children = (
				AA0001000000000000000013 /* CosmicDesignTokens.swift */,
				AA0001000000000000000014 /* CosmicColors.swift */,
				E2E000000000000000000004 /* CosmicDesignSystem.swift */,
				E2E000000000000000000005 /* CosmicTypography.swift */,
				E2E000000000000000000006 /* CosmicMotion.swift */,
			);
			name = DesignSystem;
			sourceTree = "<group>";
		};
		'DIS003000000000000000001' = {
			isa = PBXGroup;
			children = (
				DIS000000000000000000001,
				DIS000000000000000000002,
				DIS000000000000000000003,
				DIS000000000000000000004,
				DIS000000000000000000005,
				DIS000000000000000000006,
				DIS000000000000000000007,
				DIS000000000000000000008,
				DIS000000000000000000009,
				DIS000000000000000000010,
				DIS000000000000000000011,
				DIS000000000000000000012,
			);
			path = Discover;
			sourceTree = "<group>";
		};
		E2E000300000000000000001 /* Chat */ = {
			isa = PBXGroup;
			children = (
				E2E000000000000000000007 /* ChatPackagesSheet.swift */,
			);
			path = Chat;
			sourceTree = "<group>";
		};
/* End PBXGroup section */

/* Begin PBXNativeTarget section */
		3D01F7DF2C0A000000000001 /* AstronovaApp */ = {
			isa = PBXNativeTarget;
			buildConfigurationList = 3D01F8042C0A000000000001 /* Build configuration list for PBXNativeTarget "AstronovaApp" */;
			buildPhases = (
				3D01F7DC2C0A000000000001 /* Sources */,
				3D01F7DD2C0A000000000001 /* Frameworks */,
				3D01F7DE2C0A000000000001 /* Resources */,
			);
			buildRules = (
			);
			dependencies = (
			);
			name = AstronovaApp;
			productName = AstronovaApp;
			productReference = 5AD3E1402E147FA500333B75 /* AstronovaApp.app */;
			productType = "com.apple.product-type.application";
		};
		3D01F7EF2C0A000000000001 /* AstronovaAppTests */ = {
			isa = PBXNativeTarget;
			buildConfigurationList = 3D01F8072C0A000000000001 /* Build configuration list for PBXNativeTarget "AstronovaAppTests" */;
			buildPhases = (
				3D01F7EC2C0A000000000001 /* Sources */,
				3D01F7ED2C0A000000000001 /* Frameworks */,
				3D01F7EE2C0A000000000001 /* Resources */,
			);
			buildRules = (
			);
			dependencies = (
				3D01F7F22C0A000000000001 /* PBXTargetDependency */,
			);
			name = AstronovaAppTests;
			productName = AstronovaAppTests;
			productReference = 5AD3E1412E147FA500333B75 /* AstronovaAppTests.xctest */;
			productType = "com.apple.product-type.bundle.unit-test";
		};
		3D01F7F92C0A000000000001 /* AstronovaAppUITests */ = {
			isa = PBXNativeTarget;
			buildConfigurationList = 3D01F80A2C0A000000000001 /* Build configuration list for PBXNativeTarget "AstronovaAppUITests" */;
			buildPhases = (
				3D01F7F62C0A000000000001 /* Sources */,
				3D01F7F72C0A000000000001 /* Frameworks */,
				3D01F7F82C0A000000000001 /* Resources */,
			);
			buildRules = (
			);
			dependencies = (
				3D01F7FC2C0A000000000001 /* PBXTargetDependency */,
			);
			name = AstronovaAppUITests;
			productName = AstronovaAppUITests;
			productReference = 5AD3E1422E147FA500333B75 /* AstronovaAppUITests.xctest */;
			productType = "com.apple.product-type.bundle.ui-testing";
		};
/* End PBXNativeTarget section */

/* Begin PBXProject section */
		3D01F7D82C0A000000000001 /* Project object */ = {
			isa = PBXProject;
			attributes = {
				BuildIndependentTargetsInParallel = 1;
				LastSwiftUpdateCheck = 1540;
				LastUpgradeCheck = 2600;
				TargetAttributes = {
					3D01F7DF2C0A000000000001 = {
						CreatedOnToolsVersion = 15.4;
					};
					3D01F7EF2C0A000000000001 = {
						CreatedOnToolsVersion = 15.4;
						TestTargetID = 3D01F7DF2C0A000000000001;
					};
					3D01F7F92C0A000000000001 = {
						CreatedOnToolsVersion = 15.4;
						TestTargetID = 3D01F7DF2C0A000000000001;
					};
				};
			};
			buildConfigurationList = 3D01F7DB2C0A000000000001 /* Build configuration list for PBXProject "AstronovaApp" */;
			compatibilityVersion = "Xcode 14.0";
			developmentRegion = en;
			hasScannedForEncodings = 0;
			knownRegions = (
				en,
				Base,
			);
			mainGroup = 3D01F7D72C0A000000000001;
			productRefGroup = 3D01F7D72C0A000000000001;
			projectDirPath = "";
			projectRoot = "";
			targets = (
				3D01F7DF2C0A000000000001 /* AstronovaApp */,
				3D01F7EF2C0A000000000001 /* AstronovaAppTests */,
				3D01F7F92C0A000000000001 /* AstronovaAppUITests */,
			);
		};
/* End PBXProject section */

/* Begin PBXResourcesBuildPhase section */
		3D01F7DE2C0A000000000001 /* Resources */ = {
			isa = PBXResourcesBuildPhase;
			buildActionMask = 2147483647;
			files = (
				3D01F7EB2C0A000000000001 /* Preview Assets.xcassets in Resources */,
				3D01F7E82C0A000000000001 /* Assets.xcassets in Resources */,
				AA0002000000000000000008 /* remote_config.json in Resources */,
			);
			runOnlyForDeploymentPostprocessing = 0;
		};
		3D01F7EE2C0A000000000001 /* Resources */ = {
			isa = PBXResourcesBuildPhase;
			buildActionMask = 2147483647;
			files = (
			);
			runOnlyForDeploymentPostprocessing = 0;
		};
		3D01F7F82C0A000000000001 /* Resources */ = {
			isa = PBXResourcesBuildPhase;
			buildActionMask = 2147483647;
			files = (
			);
			runOnlyForDeploymentPostprocessing = 0;
		};
/* End PBXResourcesBuildPhase section */

/* Begin PBXSourcesBuildPhase section */
		3D01F7DC2C0A000000000001 /* Sources */ = {
			isa = PBXSourcesBuildPhase;
			buildActionMask = 2147483647;
			files = (
				SELFNEW01000000000001,
				SELFNEW01000000000002,
				SELFNEW01000000000003,
				SELFNEW01000000000004,
				SELFNEW01000000000005,
				SELFNEW01000000000006,
				SELFNEW01000000000007,
				SELFNEW01000000000008,
				SELFNEW01000000000009,
				SELFNEW0100000000000A,
				SELFNEW0100000000000B,
				3D01F7E62C0A000000000001 /* RootView.swift in Sources */,
				3D01F8142C0A000000000008 /* APIModels.swift in Sources */,
				3D01F8132C0A000000000007 /* APIServices.swift in Sources */,
				5A811C062DF79DA000BD6D7F /* MapKitLocationService.swift in Sources */,
				5A811C092DF79DA000BD6D7F /* MapKitAutocompleteView.swift in Sources */,
				TT001000000000000000001,
				TT001000000000000000002,
				TT001000000000000000003,
				TT001000000000000000004,
				TT001000000000000000005,
				02BF82B08A9C4246B3BD0A51 /* DashaChakraWheelView.swift in Sources */,
				3ABC5323337547CD8ACB46F0 /* DashaImpactView.swift in Sources */,
				65A997B5F7E04025AA6D5AAA /* EnhancedTimeTravelView.swift in Sources */,
				4B9BCF87E80C41FF9DFA04FF /* DashaModels.swift in Sources */,
				3D01F8122C0A000000000006 /* NetworkClient.swift in Sources */,
				3D01F8112C0A000000000005 /* LoadingView.swift in Sources */,
				3D01F80F2C0A000000000003 /* UserProfile.swift in Sources */,
				3D01F80E2C0A000000000002 /* AuthState.swift in Sources */,
				3D01F7E42C0A000000000001 /* AstronovaAppApp.swift in Sources */,
				AA0002000000000000000001 /* AppConfig.swift in Sources */,
				AA0002000000000000000002 /* RemoteConfigService.swift in Sources */,
				AA0002000000000000000003 /* AnalyticsService.swift in Sources */,
				AA0002000000000000000004 /* BirthTimePicker.swift in Sources */,
				AA0002000000000000000013 /* CosmicDesignTokens.swift in Sources */,
				AA0002000000000000000014 /* CosmicColors.swift in Sources */,
				AA0002000000000000000006 /* HomeView.swift in Sources */,
				AA0002000000000000000007 /* PaywallView.swift in Sources */,
				E2E001000000000000000007 /* ChatPackagesSheet.swift in Sources */,
				AA0002000000000000000009 /* HomeGuidanceService.swift in Sources */,
				AA000200000000000000000A /* HomeViewModel.swift in Sources */,
				AA000200000000000000000B /* NotificationService.swift in Sources */,
				AA000200000000000000000C /* ShareImageService.swift in Sources */,
				AA000200000000000000000D /* Zodiac.swift in Sources */,
				AA000200000000000000000F /* StoreKitManager.swift in Sources */,
				AA0002000000000000000011 /* BasicStoreManager.swift in Sources */,
				AA0002000000000000000012 /* ShopCatalog.swift in Sources */,
				E2E001000000000000000001 /* TestEnvironment.swift in Sources */,
				E2E001000000000000000003 /* HapticFeedbackService.swift in Sources */,
				E2E001000000000000000004 /* CosmicDesignSystem.swift in Sources */,
				E2E001000000000000000005 /* CosmicTypography.swift in Sources */,
				E2E001000000000000000006 /* CosmicMotion.swift in Sources */,
				CMP001000000000000000001,
				CMP001000000000000000002,
				CMP001000000000000000003,
				CMP001000000000000000004,
				CMP001000000000000000005,
				CMP001000000000000000006,
				CMP001000000000000000007,
				CMP001000000000000000008,
				CMP001000000000000000009,
				DIS001000000000000000001,
				DIS001000000000000000002,
				DIS001000000000000000003,
				DIS001000000000000000004,
				DIS001000000000000000005,
				DIS001000000000000000006,
				DIS001000000000000000007,
				DIS001000000000000000008,
				DIS001000000000000000009,
				DIS001000000000000000010,
				DIS001000000000000000011,
				DIS001000000000000000012,
				975D40439C2F2C5BDEA2AAC9 /* TempleModels.swift in Sources */,
				D71E47F8936E2830D8E3DFB2 /* TempleView.swift in Sources */,
			);
			runOnlyForDeploymentPostprocessing = 0;
		};
		3D01F7EC2C0A000000000001 /* Sources */ = {
			isa = PBXSourcesBuildPhase;
			buildActionMask = 2147483647;
			files = (
				ORACLE01000000000001,
				ORACLE01000000000002,
				ORACLE01000000000003,
				3D01F7F52C0A000000000001 /* AstronovaAppTests.swift in Sources */,
			);
			runOnlyForDeploymentPostprocessing = 0;
		};
		3D01F7F62C0A000000000001 /* Sources */ = {
			isa = PBXSourcesBuildPhase;
			buildActionMask = 2147483647;
			files = (
				3D01F8012C0A000000000001 /* AstronovaAppUITestsLaunchTests.swift in Sources */,
				3D01F7FF2C0A000000000001 /* AstronovaAppUITests.swift in Sources */,
				E2E001000000000000000002 /* MonetizationJourneyTests.swift in Sources */,
			);
			runOnlyForDeploymentPostprocessing = 0;
		};
/* End PBXSourcesBuildPhase section */

/* Begin PBXTargetDependency section */
		3D01F7F22C0A000000000001 /* PBXTargetDependency */ = {
			isa = PBXTargetDependency;
			target = 3D01F7DF2C0A000000000001 /* AstronovaApp */;
			targetProxy = 3D01F7F12C0A000000000001 /* PBXContainerItemProxy */;
		};
		3D01F7FC2C0A000000000001 /* PBXTargetDependency */ = {
			isa = PBXTargetDependency;
			target = 3D01F7DF2C0A000000000001 /* AstronovaApp */;
			targetProxy = 3D01F7FB2C0A000000000001 /* PBXContainerItemProxy */;
		};
/* End PBXTargetDependency section */

/* Begin XCBuildConfiguration section */
		3D01F8022C0A000000000001 /* Debug */ = {
			isa = XCBuildConfiguration;
			buildSettings = {
				ALWAYS_SEARCH_USER_PATHS = NO;
				ASSETCATALOG_COMPILER_GENERATE_SWIFT_ASSET_SYMBOL_EXTENSIONS = NO;
				CLANG_ANALYZER_NONNULL = YES;
				CLANG_ANALYZER_NUMBER_OBJECT_CONVERSION = YES_AGGRESSIVE;
				CLANG_CXX_LANGUAGE_STANDARD = "gnu++20";
				CLANG_ENABLE_MODULES = YES;
				CLANG_ENABLE_OBJC_ARC = YES;
				CLANG_ENABLE_OBJC_WEAK = YES;
				CLANG_WARN_BLOCK_CAPTURE_AUTORELEASING = YES;
				CLANG_WARN_BOOL_CONVERSION = YES;
				CLANG_WARN_COMMA = YES;
				CLANG_WARN_CONSTANT_CONVERSION = YES;
				CLANG_WARN_DEPRECATED_OBJC_IMPLEMENTATIONS = YES;
				CLANG_WARN_DIRECT_OBJC_ISA_USAGE = YES_ERROR;
				CLANG_WARN_DOCUMENTATION_COMMENTS = YES;
				CLANG_WARN_EMPTY_BODY = YES;
				CLANG_WARN_ENUM_CONVERSION = YES;
				CLANG_WARN_INFINITE_RECURSION = YES;
				CLANG_WARN_INT_CONVERSION = YES;
				CLANG_WARN_NON_LITERAL_NULL_CONVERSION = YES;
				CLANG_WARN_OBJC_IMPLICIT_RETAIN_SELF = YES;
				CLANG_WARN_OBJC_LITERAL_CONVERSION = YES;
				CLANG_WARN_OBJC_ROOT_CLASS = YES_ERROR;
				CLANG_WARN_QUOTED_INCLUDE_IN_FRAMEWORK_HEADER = YES;
				CLANG_WARN_RANGE_LOOP_ANALYSIS = YES;
				CLANG_WARN_STRICT_PROTOTYPES = YES;
				CLANG_WARN_SUSPICIOUS_MOVE = YES;
				CLANG_WARN_UNGUARDED_AVAILABILITY = YES_AGGRESSIVE;
				CLANG_WARN_UNREACHABLE_CODE = YES;
				CLANG_WARN__DUPLICATE_METHOD_MATCH = YES;
				COPY_PHASE_STRIP = NO;
				DEBUG_INFORMATION_FORMAT = dwarf;
				ENABLE_STRICT_OBJC_MSGSEND = YES;
				ENABLE_TESTABILITY = YES;
				ENABLE_USER_SCRIPT_SANDBOXING = YES;
				GCC_C_LANGUAGE_STANDARD = gnu17;
				GCC_DYNAMIC_NO_PIC = NO;
				GCC_NO_COMMON_BLOCKS = YES;
				GCC_OPTIMIZATION_LEVEL = 0;
				GCC_PREPROCESSOR_DEFINITIONS = (
					"DEBUG=1",
					"$(inherited)",
				);
				GCC_WARN_64_TO_32_BIT_CONVERSION = YES;
				GCC_WARN_ABOUT_RETURN_TYPE = YES_ERROR;
				GCC_WARN_UNDECLARED_SELECTOR = YES;
				GCC_WARN_UNINITIALIZED_AUTOS = YES_AGGRESSIVE;
				GCC_WARN_UNUSED_FUNCTION = YES;
				GCC_WARN_UNUSED_VARIABLE = YES;
				IPHONEOS_DEPLOYMENT_TARGET = 17.0;
				LOCALIZATION_PREFERS_STRING_CATALOGS = YES;
				MTL_ENABLE_DEBUG_INFO = INCLUDE_SOURCE;
				MTL_FAST_MATH = YES;
				ONLY_ACTIVE_ARCH = YES;
				SDKROOT = iphoneos;
				STRING_CATALOG_GENERATE_SYMBOLS = YES;
				SWIFT_ACTIVE_COMPILATION_CONDITIONS = "DEBUG $(inherited)";
				SWIFT_OPTIMIZATION_LEVEL = "-Onone";
			};
			name = Debug;
		};
		3D01F8032C0A000000000001 /* Release */ = {
			isa = XCBuildConfiguration;
			buildSettings = {
				ALWAYS_SEARCH_USER_PATHS = NO;
				ASSETCATALOG_COMPILER_GENERATE_SWIFT_ASSET_SYMBOL_EXTENSIONS = NO;
				CLANG_ANALYZER_NONNULL = YES;
				CLANG_ANALYZER_NUMBER_OBJECT_CONVERSION = YES_AGGRESSIVE;
				CLANG_CXX_LANGUAGE_STANDARD = "gnu++20";
				CLANG_ENABLE_MODULES = YES;
				CLANG_ENABLE_OBJC_ARC = YES;
				CLANG_ENABLE_OBJC_WEAK = YES;
				CLANG_WARN_BLOCK_CAPTURE_AUTORELEASING = YES;
				CLANG_WARN_BOOL_CONVERSION = YES;
				CLANG_WARN_COMMA = YES;
				CLANG_WARN_CONSTANT_CONVERSION = YES;
				CLANG_WARN_DEPRECATED_OBJC_IMPLEMENTATIONS = YES;
				CLANG_WARN_DIRECT_OBJC_ISA_USAGE = YES_ERROR;
				CLANG_WARN_DOCUMENTATION_COMMENTS = YES;
				CLANG_WARN_EMPTY_BODY = YES;
				CLANG_WARN_ENUM_CONVERSION = YES;
				CLANG_WARN_INFINITE_RECURSION = YES;
				CLANG_WARN_INT_CONVERSION = YES;
				CLANG_WARN_NON_LITERAL_NULL_CONVERSION = YES;
				CLANG_WARN_OBJC_IMPLICIT_RETAIN_SELF = YES;
				CLANG_WARN_OBJC_LITERAL_CONVERSION = YES;
				CLANG_WARN_OBJC_ROOT_CLASS = YES_ERROR;
				CLANG_WARN_QUOTED_INCLUDE_IN_FRAMEWORK_HEADER = YES;
				CLANG_WARN_RANGE_LOOP_ANALYSIS = YES;
				CLANG_WARN_STRICT_PROTOTYPES = YES;
				CLANG_WARN_SUSPICIOUS_MOVE = YES;
				CLANG_WARN_UNGUARDED_AVAILABILITY = YES_AGGRESSIVE;
				CLANG_WARN_UNREACHABLE_CODE = YES;
				CLANG_WARN__DUPLICATE_METHOD_MATCH = YES;
				COPY_PHASE_STRIP = NO;
				DEBUG_INFORMATION_FORMAT = "dwarf-with-dsym";
				ENABLE_NS_ASSERTIONS = NO;
				ENABLE_STRICT_OBJC_MSGSEND = YES;
				ENABLE_USER_SCRIPT_SANDBOXING = YES;
				GCC_C_LANGUAGE_STANDARD = gnu17;
				GCC_NO_COMMON_BLOCKS = YES;
				GCC_WARN_64_TO_32_BIT_CONVERSION = YES;
				GCC_WARN_ABOUT_RETURN_TYPE = YES_ERROR;
				GCC_WARN_UNDECLARED_SELECTOR = YES;
				GCC_WARN_UNINITIALIZED_AUTOS = YES_AGGRESSIVE;
				GCC_WARN_UNUSED_FUNCTION = YES;
				GCC_WARN_UNUSED_VARIABLE = YES;
				IPHONEOS_DEPLOYMENT_TARGET = 17.0;
				LOCALIZATION_PREFERS_STRING_CATALOGS = YES;
				MTL_ENABLE_DEBUG_INFO = NO;
				MTL_FAST_MATH = YES;
				SDKROOT = iphoneos;
				STRING_CATALOG_GENERATE_SYMBOLS = YES;
				SWIFT_COMPILATION_MODE = wholemodule;
				VALIDATE_PRODUCT = YES;
			};
			name = Release;
		};
		3D01F8052C0A000000000001 /* Debug */ = {
			isa = XCBuildConfiguration;
			buildSettings = {
				ASSETCATALOG_COMPILER_APPICON_NAME = AppIcon;
				ASSETCATALOG_COMPILER_GLOBAL_ACCENT_COLOR_NAME = AccentColor;
				CODE_SIGN_ENTITLEMENTS = AstronovaApp/AstronovaAppDebug.entitlements;
				CODE_SIGN_IDENTITY = "Apple Development";
				CODE_SIGN_STYLE = Automatic;
				CURRENT_PROJECT_VERSION = 1;
				DEVELOPMENT_ASSET_PATHS = "\"AstronovaApp/Preview Content\"";
				DEVELOPMENT_TEAM = ZBSZPCY34Y;
				ENABLE_APP_SANDBOX = YES;
				ENABLE_PREVIEWS = YES;
				ENABLE_USER_SELECTED_FILES = readonly;
				GENERATE_INFOPLIST_FILE = YES;
				INFOPLIST_FILE = AstronovaApp/Info.plist;
				INFOPLIST_KEY_LSApplicationCategoryType = "public.app-category.education";
				INFOPLIST_KEY_UIApplicationSceneManifest_Generation = YES;
				INFOPLIST_KEY_UIApplicationSupportsIndirectInputEvents = YES;
				INFOPLIST_KEY_UILaunchScreen_Generation = YES;
				INFOPLIST_KEY_UISupportedInterfaceOrientations_iPad = "UIInterfaceOrientationPortrait UIInterfaceOrientationPortraitUpsideDown UIInterfaceOrientationLandscapeLeft UIInterfaceOrientationLandscapeRight";
				INFOPLIST_KEY_UISupportedInterfaceOrientations_iPhone = "UIInterfaceOrientationPortrait UIInterfaceOrientationLandscapeLeft UIInterfaceOrientationLandscapeRight";
				LD_RUNPATH_SEARCH_PATHS = (
					"$(inherited)",
					"@executable_path/Frameworks",
				);
				LIBRARY_SEARCH_PATHS = "$(SRCROOT)/AstronovaApp/Features/Temple";
				MARKETING_VERSION = 1.0;
				PRODUCT_BUNDLE_IDENTIFIER = com.astronova.app;
				PRODUCT_NAME = "$(TARGET_NAME)";
				PROVISIONING_PROFILE_SPECIFIER = "";
				SWIFT_EMIT_LOC_STRINGS = YES;
				SWIFT_VERSION = 5.0;
				TARGETED_DEVICE_FAMILY = "1,2";
			};
			name = Debug;
		};
		3D01F8062C0A000000000001 /* Release */ = {
			isa = XCBuildConfiguration;
			buildSettings = {
				ASSETCATALOG_COMPILER_APPICON_NAME = AppIcon;
				ASSETCATALOG_COMPILER_GLOBAL_ACCENT_COLOR_NAME = AccentColor;
				CODE_SIGN_ENTITLEMENTS = AstronovaApp/AstronovaApp.entitlements;
				CODE_SIGN_STYLE = Automatic;
				CURRENT_PROJECT_VERSION = 1;
				DEVELOPMENT_ASSET_PATHS = "\"AstronovaApp/Preview Content\"";
				DEVELOPMENT_TEAM = ZBSZPCY34Y;
				ENABLE_APP_SANDBOX = YES;
				ENABLE_PREVIEWS = YES;
				ENABLE_USER_SELECTED_FILES = readonly;
				GENERATE_INFOPLIST_FILE = YES;
				INFOPLIST_FILE = AstronovaApp/Info.plist;
				INFOPLIST_KEY_LSApplicationCategoryType = "public.app-category.education";
				INFOPLIST_KEY_UIApplicationSceneManifest_Generation = YES;
				INFOPLIST_KEY_UIApplicationSupportsIndirectInputEvents = YES;
				INFOPLIST_KEY_UILaunchScreen_Generation = YES;
				INFOPLIST_KEY_UISupportedInterfaceOrientations_iPad = "UIInterfaceOrientationPortrait UIInterfaceOrientationPortraitUpsideDown UIInterfaceOrientationLandscapeLeft UIInterfaceOrientationLandscapeRight";
				INFOPLIST_KEY_UISupportedInterfaceOrientations_iPhone = "UIInterfaceOrientationPortrait UIInterfaceOrientationLandscapeLeft UIInterfaceOrientationLandscapeRight";
				LD_RUNPATH_SEARCH_PATHS = (
					"$(inherited)",
					"@executable_path/Frameworks",
				);
				LIBRARY_SEARCH_PATHS = "$(SRCROOT)/AstronovaApp/Features/Temple";
				MARKETING_VERSION = 1.0;
				PRODUCT_BUNDLE_IDENTIFIER = com.astronova.app;
				PRODUCT_NAME = "$(TARGET_NAME)";
				SWIFT_EMIT_LOC_STRINGS = YES;
				SWIFT_VERSION = 5.0;
				TARGETED_DEVICE_FAMILY = "1,2";
			};
			name = Release;
		};
		3D01F8082C0A000000000001 /* Debug */ = {
			isa = XCBuildConfiguration;
			buildSettings = {
				BUNDLE_LOADER = "$(TEST_HOST)";
				CODE_SIGN_STYLE = Automatic;
				CURRENT_PROJECT_VERSION = 1;
				DEVELOPMENT_TEAM = "";
				GENERATE_INFOPLIST_FILE = YES;
				IPHONEOS_DEPLOYMENT_TARGET = 17.0;
				LIBRARY_SEARCH_PATHS = "$(SRCROOT)/AstronovaApp/Features/Temple";
				MARKETING_VERSION = 1.0;
				PRODUCT_BUNDLE_IDENTIFIER = iCloud.com.sankalp.AstronovaApp.AstronovaAppTests;
				PRODUCT_NAME = "$(TARGET_NAME)";
				SWIFT_EMIT_LOC_STRINGS = NO;
				SWIFT_VERSION = 5.0;
				TARGETED_DEVICE_FAMILY = "1,2";
				TEST_HOST = "$(BUILT_PRODUCTS_DIR)/AstronovaApp.app/$(BUNDLE_EXECUTABLE_FOLDER_PATH)/AstronovaApp";
			};
			name = Debug;
		};
		3D01F8092C0A000000000001 /* Release */ = {
			isa = XCBuildConfiguration;
			buildSettings = {
				BUNDLE_LOADER = "$(TEST_HOST)";
				CODE_SIGN_STYLE = Automatic;
				CURRENT_PROJECT_VERSION = 1;
				DEVELOPMENT_TEAM = "";
				GENERATE_INFOPLIST_FILE = YES;
				IPHONEOS_DEPLOYMENT_TARGET = 17.0;
				LIBRARY_SEARCH_PATHS = "$(SRCROOT)/AstronovaApp/Features/Temple";
				MARKETING_VERSION = 1.0;
				PRODUCT_BUNDLE_IDENTIFIER = com.astronova.app.AstronovaAppTests;
				PRODUCT_NAME = "$(TARGET_NAME)";
				SWIFT_EMIT_LOC_STRINGS = NO;
				SWIFT_VERSION = 5.0;
				TARGETED_DEVICE_FAMILY = "1,2";
				TEST_HOST = "$(BUILT_PRODUCTS_DIR)/AstronovaApp.app/$(BUNDLE_EXECUTABLE_FOLDER_PATH)/AstronovaApp";
			};
			name = Release;
		};
		3D01F80B2C0A000000000001 /* Debug */ = {
			isa = XCBuildConfiguration;
			buildSettings = {
				CODE_SIGN_STYLE = Automatic;
				CURRENT_PROJECT_VERSION = 1;
				DEVELOPMENT_TEAM = "";
				GENERATE_INFOPLIST_FILE = YES;
				LIBRARY_SEARCH_PATHS = "$(SRCROOT)/AstronovaApp/Features/Temple";
				MARKETING_VERSION = 1.0;
				PRODUCT_BUNDLE_IDENTIFIER = iCloud.com.sankalp.AstronovaApp.AstronovaAppUITests;
				PRODUCT_NAME = "$(TARGET_NAME)";
				SWIFT_EMIT_LOC_STRINGS = NO;
				SWIFT_VERSION = 5.0;
				TARGETED_DEVICE_FAMILY = "1,2";
				TEST_TARGET_NAME = AstronovaApp;
			};
			name = Debug;
		};
		3D01F80C2C0A000000000001 /* Release */ = {
			isa = XCBuildConfiguration;
			buildSettings = {
				CODE_SIGN_STYLE = Automatic;
				CURRENT_PROJECT_VERSION = 1;
				DEVELOPMENT_TEAM = "";
				GENERATE_INFOPLIST_FILE = YES;
				LIBRARY_SEARCH_PATHS = "$(SRCROOT)/AstronovaApp/Features/Temple";
				MARKETING_VERSION = 1.0;
				PRODUCT_BUNDLE_IDENTIFIER = com.astronova.app.AstronovaAppUITests;
				PRODUCT_NAME = "$(TARGET_NAME)";
				SWIFT_EMIT_LOC_STRINGS = NO;
				SWIFT_VERSION = 5.0;
				TARGETED_DEVICE_FAMILY = "1,2";
				TEST_TARGET_NAME = AstronovaApp;
			};
			name = Release;
		};
/* End XCBuildConfiguration section */

/* Begin XCConfigurationList section */
		3D01F7DB2C0A000000000001 /* Build configuration list for PBXProject "AstronovaApp" */ = {
			isa = XCConfigurationList;
			buildConfigurations = (
				3D01F8022C0A000000000001 /* Debug */,
				3D01F8032C0A000000000001 /* Release */,
			);
			defaultConfigurationIsVisible = 0;
			defaultConfigurationName = Release;
		};
		3D01F8042C0A000000000001 /* Build configuration list for PBXNativeTarget "AstronovaApp" */ = {
			isa = XCConfigurationList;
			buildConfigurations = (
				3D01F8052C0A000000000001 /* Debug */,
				3D01F8062C0A000000000001 /* Release */,
			);
			defaultConfigurationIsVisible = 0;
			defaultConfigurationName = Release;
		};
		3D01F8072C0A000000000001 /* Build configuration list for PBXNativeTarget "AstronovaAppTests" */ = {
			isa = XCConfigurationList;
			buildConfigurations = (
				3D01F8082C0A000000000001 /* Debug */,
				3D01F8092C0A000000000001 /* Release */,
			);
			defaultConfigurationIsVisible = 0;
			defaultConfigurationName = Release;
		};
		3D01F80A2C0A000000000001 /* Build configuration list for PBXNativeTarget "AstronovaAppUITests" */ = {
			isa = XCConfigurationList;
			buildConfigurations = (
				3D01F80B2C0A000000000001 /* Debug */,
				3D01F80C2C0A000000000001 /* Release */,
			);
			defaultConfigurationIsVisible = 0;
			defaultConfigurationName = Release;
		};
/* End XCConfigurationList section */
	};
	rootObject = 3D01F7D82C0A000000000001 /* Project object */;
}
