// !$*UTF8*$!
{
	archiveVersion = 1;
	classes = {
	};
	objectVersion = 56;
	objects = {

/* Begin PBXBuildFile section */
		3D01F7E42C0A000000000001 /* AstronovaAppApp.swift in Sources */ = {isa = PBXBuildFile; fileRef = 3D01F7E32C0A000000000001 /* AstronovaAppApp.swift */; };
		3D01F7E62C0A000000000001 /* RootView.swift in Sources */ = {isa = PBXBuildFile; fileRef = 3D01F7E52C0A000000000001 /* RootView.swift */; };
		3D01F7E82C0A000000000001 /* Assets.xcassets in Resources */ = {isa = PBXBuildFile; fileRef = 3D01F7E72C0A000000000001 /* Assets.xcassets */; };
		3D01F7EB2C0A000000000001 /* Preview Assets.xcassets in Resources */ = {isa = PBXBuildFile; fileRef = 3D01F7EA2C0A000000000001 /* Preview Assets.xcassets */; };
		3D01F7F52C0A000000000001 /* AstronovaAppTests.swift in Sources */ = {isa = PBXBuildFile; fileRef = 3D01F7F42C0A000000000001 /* AstronovaAppTests.swift */; };
		3D01F7FF2C0A000000000001 /* AstronovaAppUITests.swift in Sources */ = {isa = PBXBuildFile; fileRef = 3D01F7FE2C0A000000000001 /* AstronovaAppUITests.swift */; };
		3D01F8012C0A000000000001 /* AstronovaAppUITestsLaunchTests.swift in Sources */ = {isa = PBXBuildFile; fileRef = 3D01F8002C0A000000000001 /* AstronovaAppUITestsLaunchTests.swift */; };
		3D01F80E2C0A000000000002 /* AuthState.swift in Sources */ = {isa = PBXBuildFile; fileRef = 3D01F80D2C0A000000000002 /* AuthState.swift */; };
		3D01F80F2C0A000000000003 /* UserProfile.swift in Sources */ = {isa = PBXBuildFile; fileRef = 3D01F80C2C0A000000000003 /* UserProfile.swift */; };
		3D01F8102C0A000000000004 /* OnboardingView.swift in Sources */ = {isa = PBXBuildFile; fileRef = 3D01F80B2C0A000000000004 /* OnboardingView.swift */; };
		3D01F8112C0A000000000005 /* LoadingView.swift in Sources */ = {isa = PBXBuildFile; fileRef = 3D01F80A2C0A000000000005 /* LoadingView.swift */; };
		3D01F8122C0A000000000006 /* NetworkClient.swift in Sources */ = {isa = PBXBuildFile; fileRef = 3D01F8092C0A000000000006 /* NetworkClient.swift */; };
		3D01F8132C0A000000000007 /* APIServices.swift in Sources */ = {isa = PBXBuildFile; fileRef = 3D01F8082C0A000000000007 /* APIServices.swift */; };
		3D01F8142C0A000000000008 /* APIModels.swift in Sources */ = {isa = PBXBuildFile; fileRef = 3D01F8072C0A000000000008 /* APIModels.swift */; };
/* End PBXBuildFile section */

/* Begin PBXContainerItemProxy section */
		3D01F7F12C0A000000000001 /* PBXContainerItemProxy */ = {
			isa = PBXContainerItemProxy;
			containerPortal = 3D01F7D82C0A000000000001 /* Project object */;
			proxyType = 1;
			remoteGlobalIDString = 3D01F7DF2C0A000000000001;
			remoteInfo = AstronovaApp;
		};
		3D01F7FB2C0A000000000001 /* PBXContainerItemProxy */ = {
			isa = PBXContainerItemProxy;
			containerPortal = 3D01F7D82C0A000000000001 /* Project object */;
			proxyType = 1;
			remoteGlobalIDString = 3D01F7DF2C0A000000000001;
			remoteInfo = AstronovaApp;
		};
/* End PBXContainerItemProxy section */

/* Begin PBXFileReference section */
		3D01F7E02C0A000000000001 /* AstronovaApp.app */ = {isa = PBXFileReference; explicitFileType = wrapper.application; includeInIndex = 0; path = AstronovaApp.app; sourceTree = BUILT_PRODUCTS_DIR; };
		3D01F7E32C0A000000000001 /* AstronovaAppApp.swift */ = {isa = PBXFileReference; lastKnownFileType = sourcecode.swift; path = AstronovaAppApp.swift; sourceTree = "<group>"; };
		3D01F7E52C0A000000000001 /* RootView.swift */ = {isa = PBXFileReference; lastKnownFileType = sourcecode.swift; path = RootView.swift; sourceTree = "<group>"; };
		3D01F7E72C0A000000000001 /* Assets.xcassets */ = {isa = PBXFileReference; lastKnownFileType = folder.assetcatalog; path = Assets.xcassets; sourceTree = "<group>"; };
		3D01F7EA2C0A000000000001 /* Preview Assets.xcassets */ = {isa = PBXFileReference; lastKnownFileType = folder.assetcatalog; path = "Preview Assets.xcassets"; sourceTree = "<group>"; };
		3D01F7F02C0A000000000001 /* AstronovaAppTests.xctest */ = {isa = PBXFileReference; explicitFileType = wrapper.cfbundle; includeInIndex = 0; path = AstronovaAppTests.xctest; sourceTree = BUILT_PRODUCTS_DIR; };
		3D01F7F42C0A000000000001 /* AstronovaAppTests.swift */ = {isa = PBXFileReference; lastKnownFileType = sourcecode.swift; path = AstronovaAppTests.swift; sourceTree = "<group>"; };
		3D01F7FA2C0A000000000001 /* AstronovaAppUITests.xctest */ = {isa = PBXFileReference; explicitFileType = wrapper.cfbundle; includeInIndex = 0; path = AstronovaAppUITests.xctest; sourceTree = BUILT_PRODUCTS_DIR; };
		3D01F7FE2C0A000000000001 /* AstronovaAppUITests.swift */ = {isa = PBXFileReference; lastKnownFileType = sourcecode.swift; path = AstronovaAppUITests.swift; sourceTree = "<group>"; };
		3D01F8002C0A000000000001 /* AstronovaAppUITestsLaunchTests.swift */ = {isa = PBXFileReference; lastKnownFileType = sourcecode.swift; path = AstronovaAppUITestsLaunchTests.swift; sourceTree = "<group>"; };
		3D01F8072C0A000000000008 /* APIModels.swift */ = {isa = PBXFileReference; lastKnownFileType = sourcecode.swift; path = APIModels.swift; sourceTree = "<group>"; };
		3D01F8082C0A000000000007 /* APIServices.swift */ = {isa = PBXFileReference; lastKnownFileType = sourcecode.swift; path = APIServices.swift; sourceTree = "<group>"; };
		3D01F8092C0A000000000006 /* NetworkClient.swift */ = {isa = PBXFileReference; lastKnownFileType = sourcecode.swift; path = NetworkClient.swift; sourceTree = "<group>"; };
		3D01F80A2C0A000000000005 /* LoadingView.swift */ = {isa = PBXFileReference; lastKnownFileType = sourcecode.swift; path = LoadingView.swift; sourceTree = "<group>"; };
		3D01F80B2C0A000000000004 /* OnboardingView.swift */ = {isa = PBXFileReference; lastKnownFileType = sourcecode.swift; path = OnboardingView.swift; sourceTree = "<group>"; };
		3D01F80C2C0A000000000003 /* UserProfile.swift */ = {isa = PBXFileReference; lastKnownFileType = sourcecode.swift; path = UserProfile.swift; sourceTree = "<group>"; };
		3D01F80D2C0A000000000002 /* AuthState.swift */ = {isa = PBXFileReference; lastKnownFileType = sourcecode.swift; path = AuthState.swift; sourceTree = "<group>"; };
		3D01F8152C0A000000000009 /* Info.plist */ = {isa = PBXFileReference; fileEncoding = 4; lastKnownFileType = text.plist.xml; path = Info.plist; sourceTree = "<group>"; };
		3D01F8162C0A00000000000A /* AstronovaApp.entitlements */ = {isa = PBXFileReference; fileEncoding = 4; lastKnownFileType = text.plist.entitlements; path = AstronovaApp.entitlements; sourceTree = "<group>"; };
		3D01F8172C0A00000000000B /* AstronovaAppDebug.entitlements */ = {isa = PBXFileReference; fileEncoding = 4; lastKnownFileType = text.plist.entitlements; path = AstronovaAppDebug.entitlements; sourceTree = "<group>"; };
/* End PBXFileReference section */

/* Begin PBXFrameworksBuildPhase section */
		3D01F7DD2C0A000000000001 /* Frameworks */ = {
			isa = PBXFrameworksBuildPhase;
			buildActionMask = 2147483647;
			files = (
			);
			runOnlyForDeploymentPostprocessing = 0;
		};
		3D01F7ED2C0A000000000001 /* Frameworks */ = {
			isa = PBXFrameworksBuildPhase;
			buildActionMask = 2147483647;
			files = (
			);
			runOnlyForDeploymentPostprocessing = 0;
		};
		3D01F7F72C0A000000000001 /* Frameworks */ = {
			isa = PBXFrameworksBuildPhase;
			buildActionMask = 2147483647;
			files = (
			);
			runOnlyForDeploymentPostprocessing = 0;
		};
/* End PBXFrameworksBuildPhase section */

/* Begin PBXGroup section */
		3D01F7D72C0A000000000001 = {
			isa = PBXGroup;
			children = (
				3D01F7E22C0A000000000001 /* AstronovaApp */,
				3D01F7F32C0A000000000001 /* AstronovaAppTests */,
				3D01F7FD2C0A000000000001 /* AstronovaAppUITests */,
				3D01F7E12C0A000000000001 /* Products */,
			);
			sourceTree = "<group>";
		};
		3D01F7E12C0A000000000001 /* Products */ = {
			isa = PBXGroup;
			children = (
				3D01F7E02C0A000000000001 /* AstronovaApp.app */,
				3D01F7F02C0A000000000001 /* AstronovaAppTests.xctest */,
				3D01F7FA2C0A000000000001 /* AstronovaAppUITests.xctest */,
			);
			name = Products;
			sourceTree = "<group>";
		};
		3D01F7E22C0A000000000001 /* AstronovaApp */ = {
			isa = PBXGroup;
			children = (
				3D01F8152C0A000000000009 /* Info.plist */,
				3D01F8162C0A00000000000A /* AstronovaApp.entitlements */,
				3D01F8172C0A00000000000B /* AstronovaAppDebug.entitlements */,
				3D01F7E32C0A000000000001 /* AstronovaAppApp.swift */,
				3D01F7E52C0A000000000001 /* RootView.swift */,
				3D01F80D2C0A000000000002 /* AuthState.swift */,
				3D01F80C2C0A000000000003 /* UserProfile.swift */,
				3D01F80B2C0A000000000004 /* OnboardingView.swift */,
				3D01F80A2C0A000000000005 /* LoadingView.swift */,
				3D01F8092C0A000000000006 /* NetworkClient.swift */,
				3D01F8082C0A000000000007 /* APIServices.swift */,
				3D01F8072C0A000000000008 /* APIModels.swift */,
				3D01F7E72C0A000000000001 /* Assets.xcassets */,
				3D01F7E92C0A000000000001 /* Preview Content */,
			);
			path = AstronovaApp;
			sourceTree = "<group>";
		};
		3D01F7E92C0A000000000001 /* Preview Content */ = {
			isa = PBXGroup;
			children = (
				3D01F7EA2C0A000000000001 /* Preview Assets.xcassets */,
			);
			path = "Preview Content";
			sourceTree = "<group>";
		};
		3D01F7F32C0A000000000001 /* AstronovaAppTests */ = {
			isa = PBXGroup;
			children = (
				3D01F7F42C0A000000000001 /* AstronovaAppTests.swift */,
			);
			path = AstronovaAppTests;
			sourceTree = "<group>";
		};
		3D01F7FD2C0A000000000001 /* AstronovaAppUITests */ = {
			isa = PBXGroup;
			children = (
				3D01F7FE2C0A000000000001 /* AstronovaAppUITests.swift */,
				3D01F8002C0A000000000001 /* AstronovaAppUITestsLaunchTests.swift */,
			);
			path = AstronovaAppUITests;
			sourceTree = "<group>";
		};
/* End PBXGroup section */

/* Begin PBXNativeTarget section */
		3D01F7DF2C0A000000000001 /* AstronovaApp */ = {
			isa = PBXNativeTarget;
			buildConfigurationList = 3D01F8042C0A000000000001 /* Build configuration list for PBXNativeTarget "AstronovaApp" */;
			buildPhases = (
				3D01F7DC2C0A000000000001 /* Sources */,
				3D01F7DD2C0A000000000001 /* Frameworks */,
				3D01F7DE2C0A000000000001 /* Resources */,
			);
			buildRules = (
			);
			dependencies = (
			);
			name = AstronovaApp;
			productName = AstronovaApp;
			productReference = 3D01F7E02C0A000000000001 /* AstronovaApp.app */;
			productType = "com.apple.product-type.application";
		};
		3D01F7EF2C0A000000000001 /* AstronovaAppTests */ = {
			isa = PBXNativeTarget;
			buildConfigurationList = 3D01F8072C0A000000000001 /* Build configuration list for PBXNativeTarget "AstronovaAppTests" */;
			buildPhases = (
				3D01F7EC2C0A000000000001 /* Sources */,
				3D01F7ED2C0A000000000001 /* Frameworks */,
				3D01F7EE2C0A000000000001 /* Resources */,
			);
			buildRules = (
			);
			dependencies = (
				3D01F7F22C0A000000000001 /* PBXTargetDependency */,
			);
			name = AstronovaAppTests;
			productName = AstronovaAppTests;
			productReference = 3D01F7F02C0A000000000001 /* AstronovaAppTests.xctest */;
			productType = "com.apple.product-type.bundle.unit-test";
		};
		3D01F7F92C0A000000000001 /* AstronovaAppUITests */ = {
			isa = PBXNativeTarget;
			buildConfigurationList = 3D01F80A2C0A000000000001 /* Build configuration list for PBXNativeTarget "AstronovaAppUITests" */;
			buildPhases = (
				3D01F7F62C0A000000000001 /* Sources */,
				3D01F7F72C0A000000000001 /* Frameworks */,
				3D01F7F82C0A000000000001 /* Resources */,
			);
			buildRules = (
			);
			dependencies = (
				3D01F7FC2C0A000000000001 /* PBXTargetDependency */,
			);
			name = AstronovaAppUITests;
			productName = AstronovaAppUITests;
			productReference = 3D01F7FA2C0A000000000001 /* AstronovaAppUITests.xctest */;
			productType = "com.apple.product-type.bundle.ui-testing";
		};
/* End PBXNativeTarget section */

/* Begin PBXProject section */
		3D01F7D82C0A000000000001 /* Project object */ = {
			isa = PBXProject;
			attributes = {
				BuildIndependentTargetsInParallel = 1;
				LastSwiftUpdateCheck = 1540;
				LastUpgradeCheck = 1540;
				TargetAttributes = {
					3D01F7DF2C0A000000000001 = {
						CreatedOnToolsVersion = 15.4;
					};
					3D01F7EF2C0A000000000001 = {
						CreatedOnToolsVersion = 15.4;
						TestTargetID = 3D01F7DF2C0A000000000001;
					};
					3D01F7F92C0A000000000001 = {
						CreatedOnToolsVersion = 15.4;
						TestTargetID = 3D01F7DF2C0A000000000001;
					};
				};
			};
			buildConfigurationList = 3D01F7DB2C0A000000000001 /* Build configuration list for PBXProject "astronova" */;
			compatibilityVersion = "Xcode 14.0";
			developmentRegion = en;
			hasScannedForEncodings = 0;
			knownRegions = (
				en,
				Base,
			);
			mainGroup = 3D01F7D72C0A000000000001;
			productRefGroup = 3D01F7E12C0A000000000001 /* Products */;
			projectDirPath = "";
			projectRoot = "";
			targets = (
				3D01F7DF2C0A000000000001 /* AstronovaApp */,
				3D01F7EF2C0A000000000001 /* AstronovaAppTests */,
				3D01F7F92C0A000000000001 /* AstronovaAppUITests */,
			);
		};
/* End PBXProject section */

/* Begin PBXResourcesBuildPhase section */
		3D01F7DE2C0A000000000001 /* Resources */ = {
			isa = PBXResourcesBuildPhase;
			buildActionMask = 2147483647;
			files = (
				3D01F7EB2C0A000000000001 /* Preview Assets.xcassets in Resources */,
				3D01F7E82C0A000000000001 /* Assets.xcassets in Resources */,
			);
			runOnlyForDeploymentPostprocessing = 0;
		};
		3D01F7EE2C0A000000000001 /* Resources */ = {
			isa = PBXResourcesBuildPhase;
			buildActionMask = 2147483647;
			files = (
			);
			runOnlyForDeploymentPostprocessing = 0;
		};
		3D01F7F82C0A000000000001 /* Resources */ = {
			isa = PBXResourcesBuildPhase;
			buildActionMask = 2147483647;
			files = (
			);
			runOnlyForDeploymentPostprocessing = 0;
		};
/* End PBXResourcesBuildPhase section */

/* Begin PBXSourcesBuildPhase section */
		3D01F7DC2C0A000000000001 /* Sources */ = {
			isa = PBXSourcesBuildPhase;
			buildActionMask = 2147483647;
			files = (
				3D01F7E62C0A000000000001 /* RootView.swift in Sources */,
				3D01F8142C0A000000000008 /* APIModels.swift in Sources */,
				3D01F8132C0A000000000007 /* APIServices.swift in Sources */,
				3D01F8122C0A000000000006 /* NetworkClient.swift in Sources */,
				3D01F8112C0A000000000005 /* LoadingView.swift in Sources */,
				3D01F8102C0A000000000004 /* OnboardingView.swift in Sources */,
				3D01F80F2C0A000000000003 /* UserProfile.swift in Sources */,
				3D01F80E2C0A000000000002 /* AuthState.swift in Sources */,
				3D01F7E42C0A000000000001 /* AstronovaAppApp.swift in Sources */,
			);
			runOnlyForDeploymentPostprocessing = 0;
		};
		3D01F7EC2C0A000000000001 /* Sources */ = {
			isa = PBXSourcesBuildPhase;
			buildActionMask = 2147483647;
			files = (
				3D01F7F52C0A000000000001 /* AstronovaAppTests.swift in Sources */,
			);
			runOnlyForDeploymentPostprocessing = 0;
		};
		3D01F7F62C0A000000000001 /* Sources */ = {
			isa = PBXSourcesBuildPhase;
			buildActionMask = 2147483647;
			files = (
				3D01F8012C0A000000000001 /* AstronovaAppUITestsLaunchTests.swift in Sources */,
				3D01F7FF2C0A000000000001 /* AstronovaAppUITests.swift in Sources */,
			);
			runOnlyForDeploymentPostprocessing = 0;
		};
/* End PBXSourcesBuildPhase section */

/* Begin PBXTargetDependency section */
		3D01F7F22C0A000000000001 /* PBXTargetDependency */ = {
			isa = PBXTargetDependency;
			target = 3D01F7DF2C0A000000000001 /* AstronovaApp */;
			targetProxy = 3D01F7F12C0A000000000001 /* PBXContainerItemProxy */;
		};
		3D01F7FC2C0A000000000001 /* PBXTargetDependency */ = {
			isa = PBXTargetDependency;
			target = 3D01F7DF2C0A000000000001 /* AstronovaApp */;
			targetProxy = 3D01F7FB2C0A000000000001 /* PBXContainerItemProxy */;
		};
/* End PBXTargetDependency section */

/* Begin XCBuildConfiguration section */
		3D01F8022C0A000000000001 /* Debug */ = {
			isa = XCBuildConfiguration;
			buildSettings = {
				ALWAYS_SEARCH_USER_PATHS = NO;
				ASSETCATALOG_COMPILER_GENERATE_SWIFT_ASSET_SYMBOL_EXTENSIONS = YES;
				CLANG_ANALYZER_NONNULL = YES;
				CLANG_ANALYZER_NUMBER_OBJECT_CONVERSION = YES_AGGRESSIVE;
				CLANG_CXX_LANGUAGE_STANDARD = "gnu++20";
				CLANG_ENABLE_MODULES = YES;
				CLANG_ENABLE_OBJC_ARC = YES;
				CLANG_ENABLE_OBJC_WEAK = YES;
				CLANG_WARN_BLOCK_CAPTURE_AUTORELEASING = YES;
				CLANG_WARN_BOOL_CONVERSION = YES;
				CLANG_WARN_COMMA = YES;
				CLANG_WARN_CONSTANT_CONVERSION = YES;
				CLANG_WARN_DEPRECATED_OBJC_IMPLEMENTATIONS = YES;
				CLANG_WARN_DIRECT_OBJC_ISA_USAGE = YES_ERROR;
				CLANG_WARN_DOCUMENTATION_COMMENTS = YES;
				CLANG_WARN_EMPTY_BODY = YES;
				CLANG_WARN_ENUM_CONVERSION = YES;
				CLANG_WARN_INFINITE_RECURSION = YES;
				CLANG_WARN_INT_CONVERSION = YES;
				CLANG_WARN_NON_LITERAL_NULL_CONVERSION = YES;
				CLANG_WARN_OBJC_IMPLICIT_RETAIN_SELF = YES;
				CLANG_WARN_OBJC_LITERAL_CONVERSION = YES;
				CLANG_WARN_OBJC_ROOT_CLASS = YES_ERROR;
				CLANG_WARN_QUOTED_INCLUDE_IN_FRAMEWORK_HEADER = YES;
				CLANG_WARN_RANGE_LOOP_ANALYSIS = YES;
				CLANG_WARN_STRICT_PROTOTYPES = YES;
				CLANG_WARN_SUSPICIOUS_MOVE = YES;
				CLANG_WARN_UNGUARDED_AVAILABILITY = YES_AGGRESSIVE;
				CLANG_WARN_UNREACHABLE_CODE = YES;
				CLANG_WARN__DUPLICATE_METHOD_MATCH = YES;
				COPY_PHASE_STRIP = NO;
				DEBUG_INFORMATION_FORMAT = dwarf;
				ENABLE_STRICT_OBJC_MSGSEND = YES;
				ENABLE_TESTABILITY = YES;
				ENABLE_USER_SCRIPT_SANDBOXING = YES;
				GCC_C_LANGUAGE_STANDARD = gnu17;
				GCC_DYNAMIC_NO_PIC = NO;
				GCC_NO_COMMON_BLOCKS = YES;
				GCC_OPTIMIZATION_LEVEL = 0;
				GCC_PREPROCESSOR_DEFINITIONS = (
					"DEBUG=1",
					"$(inherited)",
				);
				GCC_WARN_64_TO_32_BIT_CONVERSION = YES;
				GCC_WARN_ABOUT_RETURN_TYPE = YES_ERROR;
				GCC_WARN_UNDECLARED_SELECTOR = YES;
				GCC_WARN_UNINITIALIZED_AUTOS = YES_AGGRESSIVE;
				GCC_WARN_UNUSED_FUNCTION = YES;
				GCC_WARN_UNUSED_VARIABLE = YES;
				IPHONEOS_DEPLOYMENT_TARGET = 17.0;
				LOCALIZATION_PREFERS_STRING_CATALOGS = YES;
				MTL_ENABLE_DEBUG_INFO = INCLUDE_SOURCE;
				MTL_FAST_MATH = YES;
				ONLY_ACTIVE_ARCH = YES;
				SDKROOT = iphoneos;
				SWIFT_ACTIVE_COMPILATION_CONDITIONS = "DEBUG $(inherited)";
				SWIFT_OPTIMIZATION_LEVEL = "-Onone";
			};
			name = Debug;
		};
		3D01F8032C0A000000000001 /* Release */ = {
			isa = XCBuildConfiguration;
			buildSettings = {
				ALWAYS_SEARCH_USER_PATHS = NO;
				ASSETCATALOG_COMPILER_GENERATE_SWIFT_ASSET_SYMBOL_EXTENSIONS = YES;
				CLANG_ANALYZER_NONNULL = YES;
				CLANG_ANALYZER_NUMBER_OBJECT_CONVERSION = YES_AGGRESSIVE;
				CLANG_CXX_LANGUAGE_STANDARD = "gnu++20";
				CLANG_ENABLE_MODULES = YES;
				CLANG_ENABLE_OBJC_ARC = YES;
				CLANG_ENABLE_OBJC_WEAK = YES;
				CLANG_WARN_BLOCK_CAPTURE_AUTORELEASING = YES;
				CLANG_WARN_BOOL_CONVERSION = YES;
				CLANG_WARN_COMMA = YES;
				CLANG_WARN_CONSTANT_CONVERSION = YES;
				CLANG_WARN_DEPRECATED_OBJC_IMPLEMENTATIONS = YES;
				CLANG_WARN_DIRECT_OBJC_ISA_USAGE = YES_ERROR;
				CLANG_WARN_DOCUMENTATION_COMMENTS = YES;
				CLANG_WARN_EMPTY_BODY = YES;
				CLANG_WARN_ENUM_CONVERSION = YES;
				CLANG_WARN_INFINITE_RECURSION = YES;
				CLANG_WARN_INT_CONVERSION = YES;
				CLANG_WARN_NON_LITERAL_NULL_CONVERSION = YES;
				CLANG_WARN_OBJC_IMPLICIT_RETAIN_SELF = YES;
				CLANG_WARN_OBJC_LITERAL_CONVERSION = YES;
				CLANG_WARN_OBJC_ROOT_CLASS = YES_ERROR;
				CLANG_WARN_QUOTED_INCLUDE_IN_FRAMEWORK_HEADER = YES;
				CLANG_WARN_RANGE_LOOP_ANALYSIS = YES;
				CLANG_WARN_STRICT_PROTOTYPES = YES;
				CLANG_WARN_SUSPICIOUS_MOVE = YES;
				CLANG_WARN_UNGUARDED_AVAILABILITY = YES_AGGRESSIVE;
				CLANG_WARN_UNREACHABLE_CODE = YES;
				CLANG_WARN__DUPLICATE_METHOD_MATCH = YES;
				COPY_PHASE_STRIP = NO;
				DEBUG_INFORMATION_FORMAT = "dwarf-with-dsym";
				ENABLE_NS_ASSERTIONS = NO;
				ENABLE_STRICT_OBJC_MSGSEND = YES;
				ENABLE_USER_SCRIPT_SANDBOXING = YES;
				GCC_C_LANGUAGE_STANDARD = gnu17;
				GCC_NO_COMMON_BLOCKS = YES;
				GCC_WARN_64_TO_32_BIT_CONVERSION = YES;
				GCC_WARN_ABOUT_RETURN_TYPE = YES_ERROR;
				GCC_WARN_UNDECLARED_SELECTOR = YES;
				GCC_WARN_UNINITIALIZED_AUTOS = YES_AGGRESSIVE;
				GCC_WARN_UNUSED_FUNCTION = YES;
				GCC_WARN_UNUSED_VARIABLE = YES;
				IPHONEOS_DEPLOYMENT_TARGET = 17.0;
				LOCALIZATION_PREFERS_STRING_CATALOGS = YES;
				MTL_ENABLE_DEBUG_INFO = NO;
				MTL_FAST_MATH = YES;
				SDKROOT = iphoneos;
				SWIFT_COMPILATION_MODE = wholemodule;
				VALIDATE_PRODUCT = YES;
			};
			name = Release;
		};
		3D01F8052C0A000000000001 /* Debug */ = {
			isa = XCBuildConfiguration;
			buildSettings = {
				ASSETCATALOG_COMPILER_APPICON_NAME = AppIcon;
				ASSETCATALOG_COMPILER_GLOBAL_ACCENT_COLOR_NAME = AccentColor;
				CODE_SIGN_ENTITLEMENTS = AstronovaApp/AstronovaAppDebug.entitlements;
				CODE_SIGN_STYLE = Automatic;
				CURRENT_PROJECT_VERSION = 1;
				DEVELOPMENT_ASSET_PATHS = "\"AstronovaApp/Preview Content\"";
				DEVELOPMENT_TEAM = "";
				ENABLE_PREVIEWS = YES;
				GENERATE_INFOPLIST_FILE = YES;
				INFOPLIST_FILE = AstronovaApp/Info.plist;
				INFOPLIST_KEY_UIApplicationSceneManifest_Generation = YES;
				INFOPLIST_KEY_UIApplicationSupportsIndirectInputEvents = YES;
				INFOPLIST_KEY_UILaunchScreen_Generation = YES;
				INFOPLIST_KEY_UISupportedInterfaceOrientations_iPad = "UIInterfaceOrientationPortrait UIInterfaceOrientationPortraitUpsideDown UIInterfaceOrientationLandscapeLeft UIInterfaceOrientationLandscapeRight";
				INFOPLIST_KEY_UISupportedInterfaceOrientations_iPhone = "UIInterfaceOrientationPortrait UIInterfaceOrientationLandscapeLeft UIInterfaceOrientationLandscapeRight";
				LD_RUNPATH_SEARCH_PATHS = (
					"$(inherited)",
					"@executable_path/Frameworks",
				);
				MARKETING_VERSION = 1.0;
				PRODUCT_BUNDLE_IDENTIFIER = com.astronova.app;
				PRODUCT_NAME = "$(TARGET_NAME)";
				SWIFT_EMIT_LOC_STRINGS = YES;
				SWIFT_VERSION = 5.0;
				TARGETED_DEVICE_FAMILY = "1,2";
			};
			name = Debug;
		};
		3D01F8062C0A000000000001 /* Release */ = {
			isa = XCBuildConfiguration;
			buildSettings = {
				ASSETCATALOG_COMPILER_APPICON_NAME = AppIcon;
				ASSETCATALOG_COMPILER_GLOBAL_ACCENT_COLOR_NAME = AccentColor;
				CODE_SIGN_ENTITLEMENTS = AstronovaApp/AstronovaApp.entitlements;
				CODE_SIGN_STYLE = Automatic;
				CURRENT_PROJECT_VERSION = 1;
				DEVELOPMENT_ASSET_PATHS = "\"AstronovaApp/Preview Content\"";
				DEVELOPMENT_TEAM = "";
				ENABLE_PREVIEWS = YES;
				GENERATE_INFOPLIST_FILE = YES;
				INFOPLIST_FILE = AstronovaApp/Info.plist;
				INFOPLIST_KEY_UIApplicationSceneManifest_Generation = YES;
				INFOPLIST_KEY_UIApplicationSupportsIndirectInputEvents = YES;
				INFOPLIST_KEY_UILaunchScreen_Generation = YES;
				INFOPLIST_KEY_UISupportedInterfaceOrientations_iPad = "UIInterfaceOrientationPortrait UIInterfaceOrientationPortraitUpsideDown UIInterfaceOrientationLandscapeLeft UIInterfaceOrientationLandscapeRight";
				INFOPLIST_KEY_UISupportedInterfaceOrientations_iPhone = "UIInterfaceOrientationPortrait UIInterfaceOrientationLandscapeLeft UIInterfaceOrientationLandscapeRight";
				LD_RUNPATH_SEARCH_PATHS = (
					"$(inherited)",
					"@executable_path/Frameworks",
				);
				MARKETING_VERSION = 1.0;
				PRODUCT_BUNDLE_IDENTIFIER = com.astronova.app;
				PRODUCT_NAME = "$(TARGET_NAME)";
				SWIFT_EMIT_LOC_STRINGS = YES;
				SWIFT_VERSION = 5.0;
				TARGETED_DEVICE_FAMILY = "1,2";
			};
			name = Release;
		};
		3D01F8082C0A000000000001 /* Debug */ = {
			isa = XCBuildConfiguration;
			buildSettings = {
				ALWAYS_EMBED_SWIFT_STANDARD_LIBRARIES = YES;
				BUNDLE_LOADER = "$(TEST_HOST)";
				CODE_SIGN_STYLE = Automatic;
				CURRENT_PROJECT_VERSION = 1;
				DEVELOPMENT_TEAM = "";
				GENERATE_INFOPLIST_FILE = YES;
				IPHONEOS_DEPLOYMENT_TARGET = 17.0;
				MARKETING_VERSION = 1.0;
				PRODUCT_BUNDLE_IDENTIFIER = com.astronova.app.AstronovaAppTests;
				PRODUCT_NAME = "$(TARGET_NAME)";
				SWIFT_EMIT_LOC_STRINGS = NO;
				SWIFT_VERSION = 5.0;
				TARGETED_DEVICE_FAMILY = "1,2";
				TEST_HOST = "$(BUILT_PRODUCTS_DIR)/AstronovaApp.app/$(BUNDLE_EXECUTABLE_FOLDER_PATH)/AstronovaApp";
			};
			name = Debug;
		};
		3D01F8092C0A000000000001 /* Release */ = {
			isa = XCBuildConfiguration;
			buildSettings = {
				ALWAYS_EMBED_SWIFT_STANDARD_LIBRARIES = YES;
				BUNDLE_LOADER = "$(TEST_HOST)";
				CODE_SIGN_STYLE = Automatic;
				CURRENT_PROJECT_VERSION = 1;
				DEVELOPMENT_TEAM = "";
				GENERATE_INFOPLIST_FILE = YES;
				IPHONEOS_DEPLOYMENT_TARGET = 17.0;
				MARKETING_VERSION = 1.0;
				PRODUCT_BUNDLE_IDENTIFIER = com.astronova.app.AstronovaAppTests;
				PRODUCT_NAME = "$(TARGET_NAME)";
				SWIFT_EMIT_LOC_STRINGS = NO;
				SWIFT_VERSION = 5.0;
				TARGETED_DEVICE_FAMILY = "1,2";
				TEST_HOST = "$(BUILT_PRODUCTS_DIR)/AstronovaApp.app/$(BUNDLE_EXECUTABLE_FOLDER_PATH)/AstronovaApp";
			};
			name = Release;
		};
		3D01F80B2C0A000000000001 /* Debug */ = {
			isa = XCBuildConfiguration;
			buildSettings = {
				ALWAYS_EMBED_SWIFT_STANDARD_LIBRARIES = YES;
				CODE_SIGN_STYLE = Automatic;
				CURRENT_PROJECT_VERSION = 1;
				DEVELOPMENT_TEAM = "";
				GENERATE_INFOPLIST_FILE = YES;
				MARKETING_VERSION = 1.0;
				PRODUCT_BUNDLE_IDENTIFIER = com.astronova.app.AstronovaAppUITests;
				PRODUCT_NAME = "$(TARGET_NAME)";
				SWIFT_EMIT_LOC_STRINGS = NO;
				SWIFT_VERSION = 5.0;
				TARGETED_DEVICE_FAMILY = "1,2";
				TEST_TARGET_NAME = AstronovaApp;
			};
			name = Debug;
		};
		3D01F80C2C0A000000000001 /* Release */ = {
			isa = XCBuildConfiguration;
			buildSettings = {
				ALWAYS_EMBED_SWIFT_STANDARD_LIBRARIES = YES;
				CODE_SIGN_STYLE = Automatic;
				CURRENT_PROJECT_VERSION = 1;
				DEVELOPMENT_TEAM = "";
				GENERATE_INFOPLIST_FILE = YES;
				MARKETING_VERSION = 1.0;
				PRODUCT_BUNDLE_IDENTIFIER = com.astronova.app.AstronovaAppUITests;
				PRODUCT_NAME = "$(TARGET_NAME)";
				SWIFT_EMIT_LOC_STRINGS = NO;
				SWIFT_VERSION = 5.0;
				TARGETED_DEVICE_FAMILY = "1,2";
				TEST_TARGET_NAME = AstronovaApp;
			};
			name = Release;
		};
/* End XCBuildConfiguration section */

/* Begin XCConfigurationList section */
		3D01F7DB2C0A000000000001 /* Build configuration list for PBXProject "astronova" */ = {
			isa = XCConfigurationList;
			buildConfigurations = (
				3D01F8022C0A000000000001 /* Debug */,
				3D01F8032C0A000000000001 /* Release */,
			);
			defaultConfigurationIsVisible = 0;
			defaultConfigurationName = Release;
		};
		3D01F8042C0A000000000001 /* Build configuration list for PBXNativeTarget "AstronovaApp" */ = {
			isa = XCConfigurationList;
			buildConfigurations = (
				3D01F8052C0A000000000001 /* Debug */,
				3D01F8062C0A000000000001 /* Release */,
			);
			defaultConfigurationIsVisible = 0;
			defaultConfigurationName = Release;
		};
		3D01F8072C0A000000000001 /* Build configuration list for PBXNativeTarget "AstronovaAppTests" */ = {
			isa = XCConfigurationList;
			buildConfigurations = (
				3D01F8082C0A000000000001 /* Debug */,
				3D01F8092C0A000000000001 /* Release */,
			);
			defaultConfigurationIsVisible = 0;
			defaultConfigurationName = Release;
		};
		3D01F80A2C0A000000000001 /* Build configuration list for PBXNativeTarget "AstronovaAppUITests" */ = {
			isa = XCConfigurationList;
			buildConfigurations = (
				3D01F80B2C0A000000000001 /* Debug */,
				3D01F80C2C0A000000000001 /* Release */,
			);
			defaultConfigurationIsVisible = 0;
			defaultConfigurationName = Release;
		};
/* End XCConfigurationList section */
	};
	rootObject = 3D01F7D82C0A000000000001 /* Project object */;
}