// !$*UTF8*$!
{
	archiveVersion = 1;
	classes = {
	};
	objectVersion = 77;
	objects = {

/* Begin PBXContainerItemProxy section */
		5A0BE3A32DF0E80E0015F99B /* PBXContainerItemProxy */ = {
			isa = PBXContainerItemProxy;
			containerPortal = 5A0BE3862DF0E80C0015F99B /* Project object */;
			proxyType = 1;
			remoteGlobalIDString = 5A0BE38D2DF0E80C0015F99B;
			remoteInfo = cosmochat;
		};
		5A0BE3AD2DF0E80E0015F99B /* PBXContainerItemProxy */ = {
			isa = PBXContainerItemProxy;
			containerPortal = 5A0BE3862DF0E80C0015F99B /* Project object */;
			proxyType = 1;
			remoteGlobalIDString = 5A0BE38D2DF0E80C0015F99B;
			remoteInfo = cosmochat;
		};
/* End PBXContainerItemProxy section */

/* Begin PBXFileReference section */
		5A0BE38E2DF0E80C0015F99B /* cosmochat.app */ = {isa = PBXFileReference; explicitFileType = wrapper.application; includeInIndex = 0; path = cosmochat.app; sourceTree = BUILT_PRODUCTS_DIR; };
		5A0BE3A22DF0E80E0015F99B /* cosmochatTests.xctest */ = {isa = PBXFileReference; explicitFileType = wrapper.cfbundle; includeInIndex = 0; path = cosmochatTests.xctest; sourceTree = BUILT_PRODUCTS_DIR; };
		5A0BE3AC2DF0E80E0015F99B /* cosmochatUITests.xctest */ = {isa = PBXFileReference; explicitFileType = wrapper.cfbundle; includeInIndex = 0; path = cosmochatUITests.xctest; sourceTree = BUILT_PRODUCTS_DIR; };
/* End PBXFileReference section */

/* Begin PBXFileSystemSynchronizedBuildFileExceptionSet section */
		5A0BE3B42DF0E80E0015F99B /* Exceptions for "cosmochat" folder in "cosmochat" target */ = {
			isa = PBXFileSystemSynchronizedBuildFileExceptionSet;
			membershipExceptions = (
				Info.plist,
			);
			target = 5A0BE38D2DF0E80C0015F99B /* cosmochat */;
		};
/* End PBXFileSystemSynchronizedBuildFileExceptionSet section */

/* Begin PBXFileSystemSynchronizedRootGroup section */
		5A0BE3902DF0E80C0015F99B /* cosmochat */ = {
			isa = PBXFileSystemSynchronizedRootGroup;
			exceptions = (
				5A0BE3B42DF0E80E0015F99B /* Exceptions for "cosmochat" folder in "cosmochat" target */,
			);
			path = cosmochat;
			sourceTree = "<group>";
		};
		5A0BE3A52DF0E80E0015F99B /* cosmochatTests */ = {
			isa = PBXFileSystemSynchronizedRootGroup;
			path = cosmochatTests;
			sourceTree = "<group>";
		};
		5A0BE3AF2DF0E80E0015F99B /* cosmochatUITests */ = {
			isa = PBXFileSystemSynchronizedRootGroup;
			path = cosmochatUITests;
			sourceTree = "<group>";
		};
/* End PBXFileSystemSynchronizedRootGroup section */

/* Begin PBXFrameworksBuildPhase section */
		5A0BE38B2DF0E80C0015F99B /* Frameworks */ = {
			isa = PBXFrameworksBuildPhase;
			buildActionMask = 2147483647;
			files = (
			);
			runOnlyForDeploymentPostprocessing = 0;
		};
		5A0BE39F2DF0E80E0015F99B /* Frameworks */ = {
			isa = PBXFrameworksBuildPhase;
			buildActionMask = 2147483647;
			files = (
			);
			runOnlyForDeploymentPostprocessing = 0;
		};
		5A0BE3A92DF0E80E0015F99B /* Frameworks */ = {
			isa = PBXFrameworksBuildPhase;
			buildActionMask = 2147483647;
			files = (
			);
			runOnlyForDeploymentPostprocessing = 0;
		};
/* End PBXFrameworksBuildPhase section */

/* Begin PBXGroup section */
		5A0BE3852DF0E80C0015F99B = {
			isa = PBXGroup;
			children = (
				5A0BE3902DF0E80C0015F99B /* cosmochat */,
				5A0BE3A52DF0E80E0015F99B /* cosmochatTests */,
				5A0BE3AF2DF0E80E0015F99B /* cosmochatUITests */,
				5A0BE38F2DF0E80C0015F99B /* Products */,
			);
			sourceTree = "<group>";
		};
		5A0BE38F2DF0E80C0015F99B /* Products */ = {
			isa = PBXGroup;
			children = (
				5A0BE38E2DF0E80C0015F99B /* cosmochat.app */,
				5A0BE3A22DF0E80E0015F99B /* cosmochatTests.xctest */,
				5A0BE3AC2DF0E80E0015F99B /* cosmochatUITests.xctest */,
			);
			name = Products;
			sourceTree = "<group>";
		};
/* End PBXGroup section */

/* Begin PBXNativeTarget section */
		5A0BE38D2DF0E80C0015F99B /* cosmochat */ = {
			isa = PBXNativeTarget;
			buildConfigurationList = 5A0BE3B52DF0E80E0015F99B /* Build configuration list for PBXNativeTarget "cosmochat" */;
			buildPhases = (
				5A0BE38A2DF0E80C0015F99B /* Sources */,
				5A0BE38B2DF0E80C0015F99B /* Frameworks */,
				5A0BE38C2DF0E80C0015F99B /* Resources */,
			);
			buildRules = (
			);
			dependencies = (
			);
			fileSystemSynchronizedGroups = (
				5A0BE3902DF0E80C0015F99B /* cosmochat */,
			);
			name = cosmochat;
			packageProductDependencies = (
			);
			productName = cosmochat;
			productReference = 5A0BE38E2DF0E80C0015F99B /* cosmochat.app */;
			productType = "com.apple.product-type.application";
		};
		5A0BE3A12DF0E80E0015F99B /* cosmochatTests */ = {
			isa = PBXNativeTarget;
			buildConfigurationList = 5A0BE3BA2DF0E80E0015F99B /* Build configuration list for PBXNativeTarget "cosmochatTests" */;
			buildPhases = (
				5A0BE39E2DF0E80E0015F99B /* Sources */,
				5A0BE39F2DF0E80E0015F99B /* Frameworks */,
				5A0BE3A02DF0E80E0015F99B /* Resources */,
			);
			buildRules = (
			);
			dependencies = (
				5A0BE3A42DF0E80E0015F99B /* PBXTargetDependency */,
			);
			fileSystemSynchronizedGroups = (
				5A0BE3A52DF0E80E0015F99B /* cosmochatTests */,
			);
			name = cosmochatTests;
			packageProductDependencies = (
			);
			productName = cosmochatTests;
			productReference = 5A0BE3A22DF0E80E0015F99B /* cosmochatTests.xctest */;
			productType = "com.apple.product-type.bundle.unit-test";
		};
		5A0BE3AB2DF0E80E0015F99B /* cosmochatUITests */ = {
			isa = PBXNativeTarget;
			buildConfigurationList = 5A0BE3BD2DF0E80E0015F99B /* Build configuration list for PBXNativeTarget "cosmochatUITests" */;
			buildPhases = (
				5A0BE3A82DF0E80E0015F99B /* Sources */,
				5A0BE3A92DF0E80E0015F99B /* Frameworks */,
				5A0BE3AA2DF0E80E0015F99B /* Resources */,
			);
			buildRules = (
			);
			dependencies = (
				5A0BE3AE2DF0E80E0015F99B /* PBXTargetDependency */,
			);
			fileSystemSynchronizedGroups = (
				5A0BE3AF2DF0E80E0015F99B /* cosmochatUITests */,
			);
			name = cosmochatUITests;
			packageProductDependencies = (
			);
			productName = cosmochatUITests;
			productReference = 5A0BE3AC2DF0E80E0015F99B /* cosmochatUITests.xctest */;
			productType = "com.apple.product-type.bundle.ui-testing";
		};
/* End PBXNativeTarget section */

/* Begin PBXProject section */
		5A0BE3862DF0E80C0015F99B /* Project object */ = {
			isa = PBXProject;
			attributes = {
				BuildIndependentTargetsInParallel = 1;
				LastSwiftUpdateCheck = 1620;
				LastUpgradeCheck = 1620;
				TargetAttributes = {
					5A0BE38D2DF0E80C0015F99B = {
						CreatedOnToolsVersion = 16.2;
					};
					5A0BE3A12DF0E80E0015F99B = {
						CreatedOnToolsVersion = 16.2;
						TestTargetID = 5A0BE38D2DF0E80C0015F99B;
					};
					5A0BE3AB2DF0E80E0015F99B = {
						CreatedOnToolsVersion = 16.2;
						TestTargetID = 5A0BE38D2DF0E80C0015F99B;
					};
				};
			};
			buildConfigurationList = 5A0BE3892DF0E80C0015F99B /* Build configuration list for PBXProject "cosmochat" */;
			developmentRegion = en;
			hasScannedForEncodings = 0;
			knownRegions = (
				en,
				Base,
			);
			mainGroup = 5A0BE3852DF0E80C0015F99B;
			minimizedProjectReferenceProxies = 1;
			preferredProjectObjectVersion = 77;
			productRefGroup = 5A0BE38F2DF0E80C0015F99B /* Products */;
			projectDirPath = "";
			projectRoot = "";
			targets = (
				5A0BE38D2DF0E80C0015F99B /* cosmochat */,
				5A0BE3A12DF0E80E0015F99B /* cosmochatTests */,
				5A0BE3AB2DF0E80E0015F99B /* cosmochatUITests */,
			);
		};
/* End PBXProject section */

/* Begin PBXResourcesBuildPhase section */
		5A0BE38C2DF0E80C0015F99B /* Resources */ = {
			isa = PBXResourcesBuildPhase;
			buildActionMask = 2147483647;
			files = (
			);
			runOnlyForDeploymentPostprocessing = 0;
		};
		5A0BE3A02DF0E80E0015F99B /* Resources */ = {
			isa = PBXResourcesBuildPhase;
			buildActionMask = 2147483647;
			files = (
			);
			runOnlyForDeploymentPostprocessing = 0;
		};
		5A0BE3AA2DF0E80E0015F99B /* Resources */ = {
			isa = PBXResourcesBuildPhase;
			buildActionMask = 2147483647;
			files = (
			);
			runOnlyForDeploymentPostprocessing = 0;
		};
/* End PBXResourcesBuildPhase section */

/* Begin PBXSourcesBuildPhase section */
		5A0BE38A2DF0E80C0015F99B /* Sources */ = {
			isa = PBXSourcesBuildPhase;
			buildActionMask = 2147483647;
			files = (
			);
			runOnlyForDeploymentPostprocessing = 0;
		};
		5A0BE39E2DF0E80E0015F99B /* Sources */ = {
			isa = PBXSourcesBuildPhase;
			buildActionMask = 2147483647;
			files = (
			);
			runOnlyForDeploymentPostprocessing = 0;
		};
		5A0BE3A82DF0E80E0015F99B /* Sources */ = {
			isa = PBXSourcesBuildPhase;
			buildActionMask = 2147483647;
			files = (
			);
			runOnlyForDeploymentPostprocessing = 0;
		};
/* End PBXSourcesBuildPhase section */

/* Begin PBXTargetDependency section */
		5A0BE3A42DF0E80E0015F99B /* PBXTargetDependency */ = {
			isa = PBXTargetDependency;
			target = 5A0BE38D2DF0E80C0015F99B /* cosmochat */;
			targetProxy = 5A0BE3A32DF0E80E0015F99B /* PBXContainerItemProxy */;
		};
		5A0BE3AE2DF0E80E0015F99B /* PBXTargetDependency */ = {
			isa = PBXTargetDependency;
			target = 5A0BE38D2DF0E80C0015F99B /* cosmochat */;
			targetProxy = 5A0BE3AD2DF0E80E0015F99B /* PBXContainerItemProxy */;
		};
/* End PBXTargetDependency section */

/* Begin XCBuildConfiguration section */
		5A0BE3B62DF0E80E0015F99B /* Debug */ = {
			isa = XCBuildConfiguration;
			buildSettings = {
				ASSETCATALOG_COMPILER_APPICON_NAME = AppIcon;
				ASSETCATALOG_COMPILER_GLOBAL_ACCENT_COLOR_NAME = AccentColor;
				CODE_SIGN_ENTITLEMENTS = cosmochat/cosmochat.entitlements;
				CODE_SIGN_STYLE = Automatic;
				CURRENT_PROJECT_VERSION = 1;
				DEVELOPMENT_ASSET_PATHS = "\"cosmochat/Preview Content\"";
				DEVELOPMENT_TEAM = ZBSZPCY34Y;
				ENABLE_PREVIEWS = YES;
				GENERATE_INFOPLIST_FILE = YES;
				INFOPLIST_FILE = cosmochat/Info.plist;
				INFOPLIST_KEY_UIApplicationSceneManifest_Generation = YES;
				INFOPLIST_KEY_UIApplicationSupportsIndirectInputEvents = YES;
				INFOPLIST_KEY_UILaunchScreen_Generation = YES;
				INFOPLIST_KEY_UISupportedInterfaceOrientations_iPad = "UIInterfaceOrientationPortrait UIInterfaceOrientationPortraitUpsideDown UIInterfaceOrientationLandscapeLeft UIInterfaceOrientationLandscapeRight";
				INFOPLIST_KEY_UISupportedInterfaceOrientations_iPhone = "UIInterfaceOrientationPortrait UIInterfaceOrientationLandscapeLeft UIInterfaceOrientationLandscapeRight";
				LD_RUNPATH_SEARCH_PATHS = (
					"$(inherited)",
					"@executable_path/Frameworks",
				);
				MARKETING_VERSION = 1.0;
				PRODUCT_BUNDLE_IDENTIFIER = sankalp.cosmochat;
				PRODUCT_NAME = "$(TARGET_NAME)";
				SWIFT_EMIT_LOC_STRINGS = YES;
				SWIFT_VERSION = 5.0;
				TARGETED_DEVICE_FAMILY = "1,2";
			};
			name = Debug;
		};
		5A0BE3B72DF0E80E0015F99B /* Release */ = {
			isa = XCBuildConfiguration;
			buildSettings = {
				ASSETCATALOG_COMPILER_APPICON_NAME = AppIcon;
				ASSETCATALOG_COMPILER_GLOBAL_ACCENT_COLOR_NAME = AccentColor;
				CODE_SIGN_ENTITLEMENTS = cosmochat/cosmochat.entitlements;
				CODE_SIGN_STYLE = Automatic;
				CURRENT_PROJECT_VERSION = 1;
				DEVELOPMENT_ASSET_PATHS = "\"cosmochat/Preview Content\"";
				DEVELOPMENT_TEAM = ZBSZPCY34Y;
				ENABLE_PREVIEWS = YES;
				GENERATE_INFOPLIST_FILE = YES;
				INFOPLIST_FILE = cosmochat/Info.plist;
				INFOPLIST_KEY_UIApplicationSceneManifest_Generation = YES;
				INFOPLIST_KEY_UIApplicationSupportsIndirectInputEvents = YES;
				INFOPLIST_KEY_UILaunchScreen_Generation = YES;
				INFOPLIST_KEY_UISupportedInterfaceOrientations_iPad = "UIInterfaceOrientationPortrait UIInterfaceOrientationPortraitUpsideDown UIInterfaceOrientationLandscapeLeft UIInterfaceOrientationLandscapeRight";
				INFOPLIST_KEY_UISupportedInterfaceOrientations_iPhone = "UIInterfaceOrientationPortrait UIInterfaceOrientationLandscapeLeft UIInterfaceOrientationLandscapeRight";
				LD_RUNPATH_SEARCH_PATHS = (
					"$(inherited)",
					"@executable_path/Frameworks",
				);
				MARKETING_VERSION = 1.0;
				PRODUCT_BUNDLE_IDENTIFIER = sankalp.cosmochat;
				PRODUCT_NAME = "$(TARGET_NAME)";
				SWIFT_EMIT_LOC_STRINGS = YES;
				SWIFT_VERSION = 5.0;
				TARGETED_DEVICE_FAMILY = "1,2";
			};
			name = Release;
		};
		5A0BE3B82DF0E80E0015F99B /* Debug */ = {
			isa = XCBuildConfiguration;
			buildSettings = {
				ALWAYS_SEARCH_USER_PATHS = NO;
				ASSETCATALOG_COMPILER_GENERATE_SWIFT_ASSET_SYMBOL_EXTENSIONS = YES;
				CLANG_ANALYZER_NONNULL = YES;
				CLANG_ANALYZER_NUMBER_OBJECT_CONVERSION = YES_AGGRESSIVE;
				CLANG_CXX_LANGUAGE_STANDARD = "gnu++20";
				CLANG_ENABLE_MODULES = YES;
				CLANG_ENABLE_OBJC_ARC = YES;
				CLANG_ENABLE_OBJC_WEAK = YES;
				CLANG_WARN_BLOCK_CAPTURE_AUTORELEASING = YES;
				CLANG_WARN_BOOL_CONVERSION = YES;
				CLANG_WARN_COMMA = YES;
				CLANG_WARN_CONSTANT_CONVERSION = YES;
				CLANG_WARN_DEPRECATED_OBJC_IMPLEMENTATIONS = YES;
				CLANG_WARN_DIRECT_OBJC_ISA_USAGE = YES_ERROR;
				CLANG_WARN_DOCUMENTATION_COMMENTS = YES;
				CLANG_WARN_EMPTY_BODY = YES;
				CLANG_WARN_ENUM_CONVERSION = YES;
				CLANG_WARN_INFINITE_RECURSION = YES;
				CLANG_WARN_INT_CONVERSION = YES;
				CLANG_WARN_NON_LITERAL_NULL_CONVERSION = YES;
				CLANG_WARN_OBJC_IMPLICIT_RETAIN_SELF = YES;
				CLANG_WARN_OBJC_LITERAL_CONVERSION = YES;
				CLANG_WARN_OBJC_ROOT_CLASS = YES_ERROR;
				CLANG_WARN_QUOTED_INCLUDE_IN_FRAMEWORK_HEADER = YES;
				CLANG_WARN_RANGE_LOOP_ANALYSIS = YES;
				CLANG_WARN_STRICT_PROTOTYPES = YES;
				CLANG_WARN_SUSPICIOUS_MOVE = YES;
				CLANG_WARN_UNGUARDED_AVAILABILITY = YES_AGGRESSIVE;
				CLANG_WARN_UNREACHABLE_CODE = YES;
				CLANG_WARN__DUPLICATE_METHOD_MATCH = YES;
				COPY_PHASE_STRIP = NO;
				DEBUG_INFORMATION_FORMAT = dwarf;
				ENABLE_STRICT_OBJC_MSGSEND = YES;
				ENABLE_TESTABILITY = YES;
				ENABLE_USER_SCRIPT_SANDBOXING = YES;
				GCC_C_LANGUAGE_STANDARD = gnu17;
				GCC_DYNAMIC_NO_PIC = NO;
				GCC_NO_COMMON_BLOCKS = YES;
				GCC_OPTIMIZATION_LEVEL = 0;
				GCC_PREPROCESSOR_DEFINITIONS = (
					"DEBUG=1",
					"$(inherited)",
				);
				GCC_WARN_64_TO_32_BIT_CONVERSION = YES;
				GCC_WARN_ABOUT_RETURN_TYPE = YES_ERROR;
				GCC_WARN_UNDECLARED_SELECTOR = YES;
				GCC_WARN_UNINITIALIZED_AUTOS = YES_AGGRESSIVE;
				GCC_WARN_UNUSED_FUNCTION = YES;
				GCC_WARN_UNUSED_VARIABLE = YES;
				IPHONEOS_DEPLOYMENT_TARGET = 18.2;
				LOCALIZATION_PREFERS_STRING_CATALOGS = YES;
				MTL_ENABLE_DEBUG_INFO = INCLUDE_SOURCE;
				MTL_FAST_MATH = YES;
				ONLY_ACTIVE_ARCH = YES;
				SDKROOT = iphoneos;
				SWIFT_ACTIVE_COMPILATION_CONDITIONS = "DEBUG $(inherited)";
				SWIFT_OPTIMIZATION_LEVEL = "-Onone";
			};
			name = Debug;
		};
		5A0BE3B92DF0E80E0015F99B /* Release */ = {
			isa = XCBuildConfiguration;
			buildSettings = {
				ALWAYS_SEARCH_USER_PATHS = NO;
				ASSETCATALOG_COMPILER_GENERATE_SWIFT_ASSET_SYMBOL_EXTENSIONS = YES;
				CLANG_ANALYZER_NONNULL = YES;
				CLANG_ANALYZER_NUMBER_OBJECT_CONVERSION = YES_AGGRESSIVE;
				CLANG_CXX_LANGUAGE_STANDARD = "gnu++20";
				CLANG_ENABLE_MODULES = YES;
				CLANG_ENABLE_OBJC_ARC = YES;
				CLANG_ENABLE_OBJC_WEAK = YES;
				CLANG_WARN_BLOCK_CAPTURE_AUTORELEASING = YES;
				CLANG_WARN_BOOL_CONVERSION = YES;
				CLANG_WARN_COMMA = YES;
				CLANG_WARN_CONSTANT_CONVERSION = YES;
				CLANG_WARN_DEPRECATED_OBJC_IMPLEMENTATIONS = YES;
				CLANG_WARN_DIRECT_OBJC_ISA_USAGE = YES_ERROR;
				CLANG_WARN_DOCUMENTATION_COMMENTS = YES;
				CLANG_WARN_EMPTY_BODY = YES;
				CLANG_WARN_ENUM_CONVERSION = YES;
				CLANG_WARN_INFINITE_RECURSION = YES;
				CLANG_WARN_INT_CONVERSION = YES;
				CLANG_WARN_NON_LITERAL_NULL_CONVERSION = YES;
				CLANG_WARN_OBJC_IMPLICIT_RETAIN_SELF = YES;
				CLANG_WARN_OBJC_LITERAL_CONVERSION = YES;
				CLANG_WARN_OBJC_ROOT_CLASS = YES_ERROR;
				CLANG_WARN_QUOTED_INCLUDE_IN_FRAMEWORK_HEADER = YES;
				CLANG_WARN_RANGE_LOOP_ANALYSIS = YES;
				CLANG_WARN_STRICT_PROTOTYPES = YES;
				CLANG_WARN_SUSPICIOUS_MOVE = YES;
				CLANG_WARN_UNGUARDED_AVAILABILITY = YES_AGGRESSIVE;
				CLANG_WARN_UNREACHABLE_CODE = YES;
				CLANG_WARN__DUPLICATE_METHOD_MATCH = YES;
				COPY_PHASE_STRIP = NO;
				DEBUG_INFORMATION_FORMAT = "dwarf-with-dsym";
				ENABLE_NS_ASSERTIONS = NO;
				ENABLE_STRICT_OBJC_MSGSEND = YES;
				ENABLE_USER_SCRIPT_SANDBOXING = YES;
				GCC_C_LANGUAGE_STANDARD = gnu17;
				GCC_NO_COMMON_BLOCKS = YES;
				GCC_WARN_64_TO_32_BIT_CONVERSION = YES;
				GCC_WARN_ABOUT_RETURN_TYPE = YES_ERROR;
				GCC_WARN_UNDECLARED_SELECTOR = YES;
				GCC_WARN_UNINITIALIZED_AUTOS = YES_AGGRESSIVE;
				GCC_WARN_UNUSED_FUNCTION = YES;
				GCC_WARN_UNUSED_VARIABLE = YES;
				IPHONEOS_DEPLOYMENT_TARGET = 18.2;
				LOCALIZATION_PREFERS_STRING_CATALOGS = YES;
				MTL_ENABLE_DEBUG_INFO = NO;
				MTL_FAST_MATH = YES;
				SDKROOT = iphoneos;
				SWIFT_COMPILATION_MODE = wholemodule;
				VALIDATE_PRODUCT = YES;
			};
			name = Release;
		};
		5A0BE3BB2DF0E80E0015F99B /* Debug */ = {
			isa = XCBuildConfiguration;
			buildSettings = {
				BUNDLE_LOADER = "$(TEST_HOST)";
				CODE_SIGN_STYLE = Automatic;
				CURRENT_PROJECT_VERSION = 1;
				DEVELOPMENT_TEAM = ZBSZPCY34Y;
				GENERATE_INFOPLIST_FILE = YES;
				IPHONEOS_DEPLOYMENT_TARGET = 18.2;
				MARKETING_VERSION = 1.0;
				PRODUCT_BUNDLE_IDENTIFIER = sankalp.cosmochatTests;
				PRODUCT_NAME = "$(TARGET_NAME)";
				SWIFT_EMIT_LOC_STRINGS = NO;
				SWIFT_VERSION = 5.0;
				TARGETED_DEVICE_FAMILY = "1,2";
				TEST_HOST = "$(BUILT_PRODUCTS_DIR)/cosmochat.app/$(BUNDLE_EXECUTABLE_FOLDER_PATH)/cosmochat";
			};
			name = Debug;
		};
		5A0BE3BC2DF0E80E0015F99B /* Release */ = {
			isa = XCBuildConfiguration;
			buildSettings = {
				BUNDLE_LOADER = "$(TEST_HOST)";
				CODE_SIGN_STYLE = Automatic;
				CURRENT_PROJECT_VERSION = 1;
				DEVELOPMENT_TEAM = ZBSZPCY34Y;
				GENERATE_INFOPLIST_FILE = YES;
				IPHONEOS_DEPLOYMENT_TARGET = 18.2;
				MARKETING_VERSION = 1.0;
				PRODUCT_BUNDLE_IDENTIFIER = sankalp.cosmochatTests;
				PRODUCT_NAME = "$(TARGET_NAME)";
				SWIFT_EMIT_LOC_STRINGS = NO;
				SWIFT_VERSION = 5.0;
				TARGETED_DEVICE_FAMILY = "1,2";
				TEST_HOST = "$(BUILT_PRODUCTS_DIR)/cosmochat.app/$(BUNDLE_EXECUTABLE_FOLDER_PATH)/cosmochat";
			};
			name = Release;
		};
		5A0BE3BE2DF0E80E0015F99B /* Debug */ = {
			isa = XCBuildConfiguration;
			buildSettings = {
				CODE_SIGN_STYLE = Automatic;
				CURRENT_PROJECT_VERSION = 1;
				DEVELOPMENT_TEAM = ZBSZPCY34Y;
				GENERATE_INFOPLIST_FILE = YES;
				MARKETING_VERSION = 1.0;
				PRODUCT_BUNDLE_IDENTIFIER = sankalp.cosmochatUITests;
				PRODUCT_NAME = "$(TARGET_NAME)";
				SWIFT_EMIT_LOC_STRINGS = NO;
				SWIFT_VERSION = 5.0;
				TARGETED_DEVICE_FAMILY = "1,2";
				TEST_TARGET_NAME = cosmochat;
			};
			name = Debug;
		};
		5A0BE3BF2DF0E80E0015F99B /* Release */ = {
			isa = XCBuildConfiguration;
			buildSettings = {
				CODE_SIGN_STYLE = Automatic;
				CURRENT_PROJECT_VERSION = 1;
				DEVELOPMENT_TEAM = ZBSZPCY34Y;
				GENERATE_INFOPLIST_FILE = YES;
				MARKETING_VERSION = 1.0;
				PRODUCT_BUNDLE_IDENTIFIER = sankalp.cosmochatUITests;
				PRODUCT_NAME = "$(TARGET_NAME)";
				SWIFT_EMIT_LOC_STRINGS = NO;
				SWIFT_VERSION = 5.0;
				TARGETED_DEVICE_FAMILY = "1,2";
				TEST_TARGET_NAME = cosmochat;
			};
			name = Release;
		};
/* End XCBuildConfiguration section */

/* Begin XCConfigurationList section */
		5A0BE3892DF0E80C0015F99B /* Build configuration list for PBXProject "cosmochat" */ = {
			isa = XCConfigurationList;
			buildConfigurations = (
				5A0BE3B82DF0E80E0015F99B /* Debug */,
				5A0BE3B92DF0E80E0015F99B /* Release */,
			);
			defaultConfigurationIsVisible = 0;
			defaultConfigurationName = Release;
		};
		5A0BE3B52DF0E80E0015F99B /* Build configuration list for PBXNativeTarget "cosmochat" */ = {
			isa = XCConfigurationList;
			buildConfigurations = (
				5A0BE3B62DF0E80E0015F99B /* Debug */,
				5A0BE3B72DF0E80E0015F99B /* Release */,
			);
			defaultConfigurationIsVisible = 0;
			defaultConfigurationName = Release;
		};
		5A0BE3BA2DF0E80E0015F99B /* Build configuration list for PBXNativeTarget "cosmochatTests" */ = {
			isa = XCConfigurationList;
			buildConfigurations = (
				5A0BE3BB2DF0E80E0015F99B /* Debug */,
				5A0BE3BC2DF0E80E0015F99B /* Release */,
			);
			defaultConfigurationIsVisible = 0;
			defaultConfigurationName = Release;
		};
		5A0BE3BD2DF0E80E0015F99B /* Build configuration list for PBXNativeTarget "cosmochatUITests" */ = {
			isa = XCConfigurationList;
			buildConfigurations = (
				5A0BE3BE2DF0E80E0015F99B /* Debug */,
				5A0BE3BF2DF0E80E0015F99B /* Release */,
			);
			defaultConfigurationIsVisible = 0;
			defaultConfigurationName = Release;
		};
/* End XCConfigurationList section */
	};
	rootObject = 5A0BE3862DF0E80C0015F99B /* Project object */;
}
