{
  "originHash" : "0c7a87057f1cd30b4f4cd7940be3e408b19161292fed893a3273b9459e1f32b5",
  "pins" : [
    {
      "identity" : "analytics-swift-package",
      "kind" : "remoteSourceControl",
      "location" : "https://github.com/smartlook/analytics-swift-package",
      "state" : {
        "revision" : "9e07a62f426365a06ffd75471b2ad4ade4efa0ce",
        "version" : "2.2.15"
      }
    }
  ],
  "version" : 3
}
